// !$*UTF8*$!
{
	archiveVersion = 1;
	classes = {
	};
	objectVersion = 46;
	objects = {

/* Begin PBXBuildFile section */
		6CB6B7E41828DD8A00CB9BC2 /* Images.xcassets in Resources */ = {isa = PBXBuildFile; fileRef = 6CB6B7E31828DD8A00CB9BC2 /* Images.xcassets */; };
		6CB6B7E71828E04800CB9BC2 /* icon@2x.png in Resources */ = {isa = PBXBuildFile; fileRef = 6CB6B7E51828E04800CB9BC2 /* icon@2x.png */; };
		6CB6B7E81828E04800CB9BC2 /* icon.png in Resources */ = {isa = PBXBuildFile; fileRef = 6CB6B7E61828E04800CB9BC2 /* icon.png */; };
		6CDB07D2181E46D50048BF65 /* Foundation.framework in Frameworks */ = {isa = PBXBuildFile; fileRef = 6CDB07D1181E46D50048BF65 /* Foundation.framework */; };
		6CDB07D4181E46D50048BF65 /* CoreGraphics.framework in Frameworks */ = {isa = PBXBuildFile; fileRef = 6CDB07D3181E46D50048BF65 /* CoreGraphics.framework */; };
		6CDB07D6181E46D50048BF65 /* UIKit.framework in Frameworks */ = {isa = PBXBuildFile; fileRef = 6CDB07D5181E46D50048BF65 /* UIKit.framework */; };
		6CDB07DC181E46D50048BF65 /* InfoPlist.strings in Resources */ = {isa = PBXBuildFile; fileRef = 6CDB07DA181E46D50048BF65 /* InfoPlist.strings */; };
		6CDB07DE181E46D50048BF65 /* main.m in Sources */ = {isa = PBXBuildFile; fileRef = 6CDB07DD181E46D50048BF65 /* main.m */; };
		6CDB07E2181E46D50048BF65 /* AppDelegate.m in Sources */ = {isa = PBXBuildFile; fileRef = 6CDB07E1181E46D50048BF65 /* AppDelegate.m */; };
		6CDB07E5181E46D50048BF65 /* Main_iPhone.storyboard in Resources */ = {isa = PBXBuildFile; fileRef = 6CDB07E3181E46D50048BF65 /* Main_iPhone.storyboard */; };
		6CDB07E8181E46D50048BF65 /* Main_iPad.storyboard in Resources */ = {isa = PBXBuildFile; fileRef = 6CDB07E6181E46D50048BF65 /* Main_iPad.storyboard */; };
		6CDB07F4181E46D60048BF65 /* XCTest.framework in Frameworks */ = {isa = PBXBuildFile; fileRef = 6CDB07F3181E46D60048BF65 /* XCTest.framework */; };
		6CDB07F5181E46D60048BF65 /* Foundation.framework in Frameworks */ = {isa = PBXBuildFile; fileRef = 6CDB07D1181E46D50048BF65 /* Foundation.framework */; };
		6CDB07F6181E46D60048BF65 /* UIKit.framework in Frameworks */ = {isa = PBXBuildFile; fileRef = 6CDB07D5181E46D50048BF65 /* UIKit.framework */; };
		6CDB07FE181E46D60048BF65 /* InfoPlist.strings in Resources */ = {isa = PBXBuildFile; fileRef = 6CDB07FC181E46D60048BF65 /* InfoPlist.strings */; };
		6CDB0800181E46D60048BF65 /* probmxmagTests.m in Sources */ = {isa = PBXBuildFile; fileRef = 6CDB07FF181E46D60048BF65 /* probmxmagTests.m */; };
		6CDB080A181E47200048BF65 /* StoreKit.framework in Frameworks */ = {isa = PBXBuildFile; fileRef = 6CDB0809181E47200048BF65 /* StoreKit.framework */; };
		6CDB0810181E4BC20048BF65 /* HeaderImageView.m in Sources */ = {isa = PBXBuildFile; fileRef = 6CDB080F181E4BC20048BF65 /* HeaderImageView.m */; };
		6CDB0816181E4FA80048BF65 /* MainViewController.m in Sources */ = {isa = PBXBuildFile; fileRef = 6CDB0815181E4FA80048BF65 /* MainViewController.m */; };
		6CDB081A181E519D0048BF65 /* background.png in Resources */ = {isa = PBXBuildFile; fileRef = 6CDB0818181E519D0048BF65 /* background.png */; };
		6CDB081B181E519D0048BF65 /* background@2x.png in Resources */ = {isa = PBXBuildFile; fileRef = 6CDB0819181E519D0048BF65 /* background@2x.png */; };
		6CDB081E181E74FF0048BF65 /* IssueCell.m in Sources */ = {isa = PBXBuildFile; fileRef = 6CDB081D181E74FF0048BF65 /* IssueCell.m */; };
		6CDB0820181E76670048BF65 /* NewsstandKit.framework in Frameworks */ = {isa = PBXBuildFile; fileRef = 6CDB081F181E76670048BF65 /* NewsstandKit.framework */; };
		6CDB0822181E76790048BF65 /* MediaPlayer.framework in Frameworks */ = {isa = PBXBuildFile; fileRef = 6CDB0821181E76790048BF65 /* MediaPlayer.framework */; };
		6CDB0824181E76830048BF65 /* CoreText.framework in Frameworks */ = {isa = PBXBuildFile; fileRef = 6CDB0823181E76830048BF65 /* CoreText.framework */; };
		6CDB0826181E768D0048BF65 /* QuartzCore.framework in Frameworks */ = {isa = PBXBuildFile; fileRef = 6CDB0825181E768D0048BF65 /* QuartzCore.framework */; };
		6CDB0828181E76960048BF65 /* AVFoundation.framework in Frameworks */ = {isa = PBXBuildFile; fileRef = 6CDB0827181E76960048BF65 /* AVFoundation.framework */; };
		6CDB082A181E76A80048BF65 /* AudioToolbox.framework in Frameworks */ = {isa = PBXBuildFile; fileRef = 6CDB0829181E76A80048BF65 /* AudioToolbox.framework */; };
		6CDB082D181E76C80048BF65 /* CoreLocation.framework in Frameworks */ = {isa = PBXBuildFile; fileRef = 6CDB082B181E76C80048BF65 /* CoreLocation.framework */; };
		6CDB082E181E76C80048BF65 /* CoreTelephony.framework in Frameworks */ = {isa = PBXBuildFile; fileRef = 6CDB082C181E76C80048BF65 /* CoreTelephony.framework */; };
		6CDB0830181E76D90048BF65 /* libz.dylib in Frameworks */ = {isa = PBXBuildFile; fileRef = 6CDB082F181E76D90048BF65 /* libz.dylib */; };
		6CDB0832181E76E30048BF65 /* libsqlite3.0.dylib in Frameworks */ = {isa = PBXBuildFile; fileRef = 6CDB0831181E76E30048BF65 /* libsqlite3.0.dylib */; };
		6CDB0834181E76ED0048BF65 /* Security.framework in Frameworks */ = {isa = PBXBuildFile; fileRef = 6CDB0833181E76ED0048BF65 /* Security.framework */; };
		6CDB0836181E77000048BF65 /* CFNetwork.framework in Frameworks */ = {isa = PBXBuildFile; fileRef = 6CDB0835181E77000048BF65 /* CFNetwork.framework */; };
		6CDB0838181E77100048BF65 /* MobileCoreServices.framework in Frameworks */ = {isa = PBXBuildFile; fileRef = 6CDB0837181E77100048BF65 /* MobileCoreServices.framework */; };
		6CDB083A181E77260048BF65 /* SystemConfiguration.framework in Frameworks */ = {isa = PBXBuildFile; fileRef = 6CDB0839181E77260048BF65 /* SystemConfiguration.framework */; };
		6CDB083D181E7A5C0048BF65 /* settings.png in Resources */ = {isa = PBXBuildFile; fileRef = 6CDB083B181E7A5C0048BF65 /* settings.png */; };
		6CDB083E181E7A5C0048BF65 /* settings@2x.png in Resources */ = {isa = PBXBuildFile; fileRef = 6CDB083C181E7A5C0048BF65 /* settings@2x.png */; };
		6CDB084C181EA1420048BF65 /* Reachability.m in Sources */ = {isa = PBXBuildFile; fileRef = 6CDB084B181EA1420048BF65 /* Reachability.m */; settings = {COMPILER_FLAGS = "-fno-objc-arc"; }; };
		6CDB0852181EDDEE0048BF65 /* Publisher.m in Sources */ = {isa = PBXBuildFile; fileRef = 6CDB0851181EDDEE0048BF65 /* Publisher.m */; };
		6CDB0856181EE2000048BF65 /* XMLParser.m in Sources */ = {isa = PBXBuildFile; fileRef = 6CDB0855181EE2000048BF65 /* XMLParser.m */; };
		6CDB0859181EE5480048BF65 /* NewsstandDownloader.m in Sources */ = {isa = PBXBuildFile; fileRef = 6CDB0858181EE5480048BF65 /* NewsstandDownloader.m */; };
		6CDB0867181EE5C30048BF65 /* ioapi.c in Sources */ = {isa = PBXBuildFile; fileRef = 6CDB085D181EE5C30048BF65 /* ioapi.c */; };
		6CDB0868181EE5C30048BF65 /* mztools.c in Sources */ = {isa = PBXBuildFile; fileRef = 6CDB085F181EE5C30048BF65 /* mztools.c */; };
		6CDB0869181EE5C30048BF65 /* unzip.c in Sources */ = {isa = PBXBuildFile; fileRef = 6CDB0861181EE5C30048BF65 /* unzip.c */; };
		6CDB086A181EE5C30048BF65 /* zip.c in Sources */ = {isa = PBXBuildFile; fileRef = 6CDB0863181EE5C30048BF65 /* zip.c */; };
		6CDB086B181EE5C30048BF65 /* SSZipArchive.m in Sources */ = {isa = PBXBuildFile; fileRef = 6CDB0866181EE5C30048BF65 /* SSZipArchive.m */; };
/* End PBXBuildFile section */

/* Begin PBXContainerItemProxy section */
		6CDB07F7181E46D60048BF65 /* PBXContainerItemProxy */ = {
			isa = PBXContainerItemProxy;
			containerPortal = 6CDB07C6181E46D50048BF65 /* Project object */;
			proxyType = 1;
			remoteGlobalIDString = 6CDB07CD181E46D50048BF65;
			remoteInfo = probmxmag;
		};
/* End PBXContainerItemProxy section */

/* Begin PBXFileReference section */
		6CB6B7E31828DD8A00CB9BC2 /* Images.xcassets */ = {isa = PBXFileReference; lastKnownFileType = folder.assetcatalog; path = Images.xcassets; sourceTree = "<group>"; };
		6CB6B7E51828E04800CB9BC2 /* icon@2x.png */ = {isa = PBXFileReference; lastKnownFileType = image.png; path = "icon@2x.png"; sourceTree = "<group>"; };
		6CB6B7E61828E04800CB9BC2 /* icon.png */ = {isa = PBXFileReference; lastKnownFileType = image.png; path = icon.png; sourceTree = "<group>"; };
		6CDB07CE181E46D50048BF65 /* probmxmag.app */ = {isa = PBXFileReference; explicitFileType = wrapper.application; includeInIndex = 0; path = probmxmag.app; sourceTree = BUILT_PRODUCTS_DIR; };
		6CDB07D1181E46D50048BF65 /* Foundation.framework */ = {isa = PBXFileReference; lastKnownFileType = wrapper.framework; name = Foundation.framework; path = System/Library/Frameworks/Foundation.framework; sourceTree = SDKROOT; };
		6CDB07D3181E46D50048BF65 /* CoreGraphics.framework */ = {isa = PBXFileReference; lastKnownFileType = wrapper.framework; name = CoreGraphics.framework; path = System/Library/Frameworks/CoreGraphics.framework; sourceTree = SDKROOT; };
		6CDB07D5181E46D50048BF65 /* UIKit.framework */ = {isa = PBXFileReference; lastKnownFileType = wrapper.framework; name = UIKit.framework; path = System/Library/Frameworks/UIKit.framework; sourceTree = SDKROOT; };
		6CDB07D9181E46D50048BF65 /* probmxmag-Info.plist */ = {isa = PBXFileReference; lastKnownFileType = text.plist.xml; path = "probmxmag-Info.plist"; sourceTree = "<group>"; };
		6CDB07DB181E46D50048BF65 /* en */ = {isa = PBXFileReference; lastKnownFileType = text.plist.strings; name = en; path = en.lproj/InfoPlist.strings; sourceTree = "<group>"; };
		6CDB07DD181E46D50048BF65 /* main.m */ = {isa = PBXFileReference; lastKnownFileType = sourcecode.c.objc; path = main.m; sourceTree = "<group>"; };
		6CDB07DF181E46D50048BF65 /* probmxmag-Prefix.pch */ = {isa = PBXFileReference; lastKnownFileType = sourcecode.c.h; path = "probmxmag-Prefix.pch"; sourceTree = "<group>"; };
		6CDB07E0181E46D50048BF65 /* AppDelegate.h */ = {isa = PBXFileReference; lastKnownFileType = sourcecode.c.h; path = AppDelegate.h; sourceTree = "<group>"; };
		6CDB07E1181E46D50048BF65 /* AppDelegate.m */ = {isa = PBXFileReference; lastKnownFileType = sourcecode.c.objc; path = AppDelegate.m; sourceTree = "<group>"; };
		6CDB07E4181E46D50048BF65 /* Base */ = {isa = PBXFileReference; lastKnownFileType = file.storyboard; name = Base; path = Base.lproj/Main_iPhone.storyboard; sourceTree = "<group>"; };
		6CDB07E7181E46D50048BF65 /* Base */ = {isa = PBXFileReference; lastKnownFileType = file.storyboard; name = Base; path = Base.lproj/Main_iPad.storyboard; sourceTree = "<group>"; };
		6CDB07F2181E46D60048BF65 /* probmxmagTests.xctest */ = {isa = PBXFileReference; explicitFileType = wrapper.cfbundle; includeInIndex = 0; path = probmxmagTests.xctest; sourceTree = BUILT_PRODUCTS_DIR; };
		6CDB07F3181E46D60048BF65 /* XCTest.framework */ = {isa = PBXFileReference; lastKnownFileType = wrapper.framework; name = XCTest.framework; path = Library/Frameworks/XCTest.framework; sourceTree = DEVELOPER_DIR; };
		6CDB07FB181E46D60048BF65 /* probmxmagTests-Info.plist */ = {isa = PBXFileReference; lastKnownFileType = text.plist.xml; path = "probmxmagTests-Info.plist"; sourceTree = "<group>"; };
		6CDB07FD181E46D60048BF65 /* en */ = {isa = PBXFileReference; lastKnownFileType = text.plist.strings; name = en; path = en.lproj/InfoPlist.strings; sourceTree = "<group>"; };
		6CDB07FF181E46D60048BF65 /* probmxmagTests.m */ = {isa = PBXFileReference; lastKnownFileType = sourcecode.c.objc; path = probmxmagTests.m; sourceTree = "<group>"; };
		6CDB0809181E47200048BF65 /* StoreKit.framework */ = {isa = PBXFileReference; lastKnownFileType = wrapper.framework; name = StoreKit.framework; path = System/Library/Frameworks/StoreKit.framework; sourceTree = SDKROOT; };
		6CDB080E181E4BC20048BF65 /* HeaderImageView.h */ = {isa = PBXFileReference; fileEncoding = 4; lastKnownFileType = sourcecode.c.h; path = HeaderImageView.h; sourceTree = "<group>"; };
		6CDB080F181E4BC20048BF65 /* HeaderImageView.m */ = {isa = PBXFileReference; fileEncoding = 4; lastKnownFileType = sourcecode.c.objc; path = HeaderImageView.m; sourceTree = "<group>"; };
		6CDB0814181E4FA80048BF65 /* MainViewController.h */ = {isa = PBXFileReference; fileEncoding = 4; lastKnownFileType = sourcecode.c.h; path = MainViewController.h; sourceTree = "<group>"; };
		6CDB0815181E4FA80048BF65 /* MainViewController.m */ = {isa = PBXFileReference; fileEncoding = 4; lastKnownFileType = sourcecode.c.objc; path = MainViewController.m; sourceTree = "<group>"; };
		6CDB0818181E519D0048BF65 /* background.png */ = {isa = PBXFileReference; lastKnownFileType = image.png; path = background.png; sourceTree = "<group>"; };
		6CDB0819181E519D0048BF65 /* background@2x.png */ = {isa = PBXFileReference; lastKnownFileType = image.png; path = "background@2x.png"; sourceTree = "<group>"; };
		6CDB081C181E74FF0048BF65 /* IssueCell.h */ = {isa = PBXFileReference; fileEncoding = 4; lastKnownFileType = sourcecode.c.h; path = IssueCell.h; sourceTree = "<group>"; };
		6CDB081D181E74FF0048BF65 /* IssueCell.m */ = {isa = PBXFileReference; fileEncoding = 4; lastKnownFileType = sourcecode.c.objc; path = IssueCell.m; sourceTree = "<group>"; };
		6CDB081F181E76670048BF65 /* NewsstandKit.framework */ = {isa = PBXFileReference; lastKnownFileType = wrapper.framework; name = NewsstandKit.framework; path = System/Library/Frameworks/NewsstandKit.framework; sourceTree = SDKROOT; };
		6CDB0821181E76790048BF65 /* MediaPlayer.framework */ = {isa = PBXFileReference; lastKnownFileType = wrapper.framework; name = MediaPlayer.framework; path = System/Library/Frameworks/MediaPlayer.framework; sourceTree = SDKROOT; };
		6CDB0823181E76830048BF65 /* CoreText.framework */ = {isa = PBXFileReference; lastKnownFileType = wrapper.framework; name = CoreText.framework; path = System/Library/Frameworks/CoreText.framework; sourceTree = SDKROOT; };
		6CDB0825181E768D0048BF65 /* QuartzCore.framework */ = {isa = PBXFileReference; lastKnownFileType = wrapper.framework; name = QuartzCore.framework; path = System/Library/Frameworks/QuartzCore.framework; sourceTree = SDKROOT; };
		6CDB0827181E76960048BF65 /* AVFoundation.framework */ = {isa = PBXFileReference; lastKnownFileType = wrapper.framework; name = AVFoundation.framework; path = System/Library/Frameworks/AVFoundation.framework; sourceTree = SDKROOT; };
		6CDB0829181E76A80048BF65 /* AudioToolbox.framework */ = {isa = PBXFileReference; lastKnownFileType = wrapper.framework; name = AudioToolbox.framework; path = System/Library/Frameworks/AudioToolbox.framework; sourceTree = SDKROOT; };
		6CDB082B181E76C80048BF65 /* CoreLocation.framework */ = {isa = PBXFileReference; lastKnownFileType = wrapper.framework; name = CoreLocation.framework; path = System/Library/Frameworks/CoreLocation.framework; sourceTree = SDKROOT; };
		6CDB082C181E76C80048BF65 /* CoreTelephony.framework */ = {isa = PBXFileReference; lastKnownFileType = wrapper.framework; name = CoreTelephony.framework; path = System/Library/Frameworks/CoreTelephony.framework; sourceTree = SDKROOT; };
		6CDB082F181E76D90048BF65 /* libz.dylib */ = {isa = PBXFileReference; lastKnownFileType = "compiled.mach-o.dylib"; name = libz.dylib; path = usr/lib/libz.dylib; sourceTree = SDKROOT; };
		6CDB0831181E76E30048BF65 /* libsqlite3.0.dylib */ = {isa = PBXFileReference; lastKnownFileType = "compiled.mach-o.dylib"; name = libsqlite3.0.dylib; path = usr/lib/libsqlite3.0.dylib; sourceTree = SDKROOT; };
		6CDB0833181E76ED0048BF65 /* Security.framework */ = {isa = PBXFileReference; lastKnownFileType = wrapper.framework; name = Security.framework; path = System/Library/Frameworks/Security.framework; sourceTree = SDKROOT; };
		6CDB0835181E77000048BF65 /* CFNetwork.framework */ = {isa = PBXFileReference; lastKnownFileType = wrapper.framework; name = CFNetwork.framework; path = System/Library/Frameworks/CFNetwork.framework; sourceTree = SDKROOT; };
		6CDB0837181E77100048BF65 /* MobileCoreServices.framework */ = {isa = PBXFileReference; lastKnownFileType = wrapper.framework; name = MobileCoreServices.framework; path = System/Library/Frameworks/MobileCoreServices.framework; sourceTree = SDKROOT; };
		6CDB0839181E77260048BF65 /* SystemConfiguration.framework */ = {isa = PBXFileReference; lastKnownFileType = wrapper.framework; name = SystemConfiguration.framework; path = System/Library/Frameworks/SystemConfiguration.framework; sourceTree = SDKROOT; };
		6CDB083B181E7A5C0048BF65 /* settings.png */ = {isa = PBXFileReference; lastKnownFileType = image.png; path = settings.png; sourceTree = "<group>"; };
		6CDB083C181E7A5C0048BF65 /* settings@2x.png */ = {isa = PBXFileReference; lastKnownFileType = image.png; path = "settings@2x.png"; sourceTree = "<group>"; };
		6CDB083F181E96180048BF65 /* Constants.h */ = {isa = PBXFileReference; fileEncoding = 4; lastKnownFileType = sourcecode.c.h; path = Constants.h; sourceTree = "<group>"; };
		6CDB084A181EA1420048BF65 /* Reachability.h */ = {isa = PBXFileReference; fileEncoding = 4; lastKnownFileType = sourcecode.c.h; path = Reachability.h; sourceTree = "<group>"; };
		6CDB084B181EA1420048BF65 /* Reachability.m */ = {isa = PBXFileReference; fileEncoding = 4; lastKnownFileType = sourcecode.c.objc; path = Reachability.m; sourceTree = "<group>"; };
		6CDB0850181EDDEE0048BF65 /* Publisher.h */ = {isa = PBXFileReference; fileEncoding = 4; lastKnownFileType = sourcecode.c.h; path = Publisher.h; sourceTree = "<group>"; };
		6CDB0851181EDDEE0048BF65 /* Publisher.m */ = {isa = PBXFileReference; fileEncoding = 4; lastKnownFileType = sourcecode.c.objc; path = Publisher.m; sourceTree = "<group>"; };
		6CDB0854181EE2000048BF65 /* XMLParser.h */ = {isa = PBXFileReference; fileEncoding = 4; lastKnownFileType = sourcecode.c.h; path = XMLParser.h; sourceTree = "<group>"; };
		6CDB0855181EE2000048BF65 /* XMLParser.m */ = {isa = PBXFileReference; fileEncoding = 4; lastKnownFileType = sourcecode.c.objc; path = XMLParser.m; sourceTree = "<group>"; };
		6CDB0857181EE5480048BF65 /* NewsstandDownloader.h */ = {isa = PBXFileReference; fileEncoding = 4; lastKnownFileType = sourcecode.c.h; path = NewsstandDownloader.h; sourceTree = "<group>"; };
		6CDB0858181EE5480048BF65 /* NewsstandDownloader.m */ = {isa = PBXFileReference; fileEncoding = 4; lastKnownFileType = sourcecode.c.objc; path = NewsstandDownloader.m; sourceTree = "<group>"; };
		6CDB085C181EE5C30048BF65 /* crypt.h */ = {isa = PBXFileReference; fileEncoding = 4; lastKnownFileType = sourcecode.c.h; path = crypt.h; sourceTree = "<group>"; };
		6CDB085D181EE5C30048BF65 /* ioapi.c */ = {isa = PBXFileReference; fileEncoding = 4; lastKnownFileType = sourcecode.c.c; path = ioapi.c; sourceTree = "<group>"; };
		6CDB085E181EE5C30048BF65 /* ioapi.h */ = {isa = PBXFileReference; fileEncoding = 4; lastKnownFileType = sourcecode.c.h; path = ioapi.h; sourceTree = "<group>"; };
		6CDB085F181EE5C30048BF65 /* mztools.c */ = {isa = PBXFileReference; fileEncoding = 4; lastKnownFileType = sourcecode.c.c; path = mztools.c; sourceTree = "<group>"; };
		6CDB0860181EE5C30048BF65 /* mztools.h */ = {isa = PBXFileReference; fileEncoding = 4; lastKnownFileType = sourcecode.c.h; path = mztools.h; sourceTree = "<group>"; };
		6CDB0861181EE5C30048BF65 /* unzip.c */ = {isa = PBXFileReference; fileEncoding = 4; lastKnownFileType = sourcecode.c.c; path = unzip.c; sourceTree = "<group>"; };
		6CDB0862181EE5C30048BF65 /* unzip.h */ = {isa = PBXFileReference; fileEncoding = 4; lastKnownFileType = sourcecode.c.h; path = unzip.h; sourceTree = "<group>"; };
		6CDB0863181EE5C30048BF65 /* zip.c */ = {isa = PBXFileReference; fileEncoding = 4; lastKnownFileType = sourcecode.c.c; path = zip.c; sourceTree = "<group>"; };
		6CDB0864181EE5C30048BF65 /* zip.h */ = {isa = PBXFileReference; fileEncoding = 4; lastKnownFileType = sourcecode.c.h; path = zip.h; sourceTree = "<group>"; };
		6CDB0865181EE5C30048BF65 /* SSZipArchive.h */ = {isa = PBXFileReference; fileEncoding = 4; lastKnownFileType = sourcecode.c.h; path = SSZipArchive.h; sourceTree = "<group>"; };
		6CDB0866181EE5C30048BF65 /* SSZipArchive.m */ = {isa = PBXFileReference; fileEncoding = 4; lastKnownFileType = sourcecode.c.objc; path = SSZipArchive.m; sourceTree = "<group>"; };
/* End PBXFileReference section */

/* Begin PBXFrameworksBuildPhase section */
		6CDB07CB181E46D50048BF65 /* Frameworks */ = {
			isa = PBXFrameworksBuildPhase;
			buildActionMask = 2147483647;
			files = (
				6CDB07D4181E46D50048BF65 /* CoreGraphics.framework in Frameworks */,
				6CDB083A181E77260048BF65 /* SystemConfiguration.framework in Frameworks */,
				6CDB0838181E77100048BF65 /* MobileCoreServices.framework in Frameworks */,
				6CDB0836181E77000048BF65 /* CFNetwork.framework in Frameworks */,
				6CDB080A181E47200048BF65 /* StoreKit.framework in Frameworks */,
				6CDB0834181E76ED0048BF65 /* Security.framework in Frameworks */,
				6CDB0832181E76E30048BF65 /* libsqlite3.0.dylib in Frameworks */,
				6CDB0830181E76D90048BF65 /* libz.dylib in Frameworks */,
				6CDB082D181E76C80048BF65 /* CoreLocation.framework in Frameworks */,
				6CDB082E181E76C80048BF65 /* CoreTelephony.framework in Frameworks */,
				6CDB082A181E76A80048BF65 /* AudioToolbox.framework in Frameworks */,
				6CDB0828181E76960048BF65 /* AVFoundation.framework in Frameworks */,
				6CDB0826181E768D0048BF65 /* QuartzCore.framework in Frameworks */,
				6CDB0824181E76830048BF65 /* CoreText.framework in Frameworks */,
				6CDB0822181E76790048BF65 /* MediaPlayer.framework in Frameworks */,
				6CDB0820181E76670048BF65 /* NewsstandKit.framework in Frameworks */,
				6CDB07D6181E46D50048BF65 /* UIKit.framework in Frameworks */,
				6CDB07D2181E46D50048BF65 /* Foundation.framework in Frameworks */,
			);
			runOnlyForDeploymentPostprocessing = 0;
		};
		6CDB07EF181E46D60048BF65 /* Frameworks */ = {
			isa = PBXFrameworksBuildPhase;
			buildActionMask = 2147483647;
			files = (
				6CDB07F4181E46D60048BF65 /* XCTest.framework in Frameworks */,
				6CDB07F6181E46D60048BF65 /* UIKit.framework in Frameworks */,
				6CDB07F5181E46D60048BF65 /* Foundation.framework in Frameworks */,
			);
			runOnlyForDeploymentPostprocessing = 0;
		};
/* End PBXFrameworksBuildPhase section */

/* Begin PBXGroup section */
		6CDB07C5181E46D50048BF65 = {
			isa = PBXGroup;
			children = (
				6CDB07D7181E46D50048BF65 /* probmxmag */,
				6CDB07F9181E46D60048BF65 /* probmxmagTests */,
				6CDB07D0181E46D50048BF65 /* Frameworks */,
				6CDB07CF181E46D50048BF65 /* Products */,
			);
			sourceTree = "<group>";
		};
		6CDB07CF181E46D50048BF65 /* Products */ = {
			isa = PBXGroup;
			children = (
				6CDB07CE181E46D50048BF65 /* probmxmag.app */,
				6CDB07F2181E46D60048BF65 /* probmxmagTests.xctest */,
			);
			name = Products;
			sourceTree = "<group>";
		};
		6CDB07D0181E46D50048BF65 /* Frameworks */ = {
			isa = PBXGroup;
			children = (
				6CDB0839181E77260048BF65 /* SystemConfiguration.framework */,
				6CDB0837181E77100048BF65 /* MobileCoreServices.framework */,
				6CDB0835181E77000048BF65 /* CFNetwork.framework */,
				6CDB0833181E76ED0048BF65 /* Security.framework */,
				6CDB0831181E76E30048BF65 /* libsqlite3.0.dylib */,
				6CDB082F181E76D90048BF65 /* libz.dylib */,
				6CDB082B181E76C80048BF65 /* CoreLocation.framework */,
				6CDB082C181E76C80048BF65 /* CoreTelephony.framework */,
				6CDB0829181E76A80048BF65 /* AudioToolbox.framework */,
				6CDB0827181E76960048BF65 /* AVFoundation.framework */,
				6CDB0825181E768D0048BF65 /* QuartzCore.framework */,
				6CDB0823181E76830048BF65 /* CoreText.framework */,
				6CDB0821181E76790048BF65 /* MediaPlayer.framework */,
				6CDB081F181E76670048BF65 /* NewsstandKit.framework */,
				6CDB0809181E47200048BF65 /* StoreKit.framework */,
				6CDB07D1181E46D50048BF65 /* Foundation.framework */,
				6CDB07D3181E46D50048BF65 /* CoreGraphics.framework */,
				6CDB07D5181E46D50048BF65 /* UIKit.framework */,
				6CDB07F3181E46D60048BF65 /* XCTest.framework */,
			);
			name = Frameworks;
			sourceTree = "<group>";
		};
		6CDB07D7181E46D50048BF65 /* probmxmag */ = {
			isa = PBXGroup;
			children = (
				6CDB0853181EE1DA0048BF65 /* XMLParser */,
				6CDB0857181EE5480048BF65 /* NewsstandDownloader.h */,
				6CDB0858181EE5480048BF65 /* NewsstandDownloader.m */,
				6CDB083F181E96180048BF65 /* Constants.h */,
				6CDB0850181EDDEE0048BF65 /* Publisher.h */,
				6CDB0851181EDDEE0048BF65 /* Publisher.m */,
				6CDB07E0181E46D50048BF65 /* AppDelegate.h */,
				6CDB07E1181E46D50048BF65 /* AppDelegate.m */,
				6CDB0814181E4FA80048BF65 /* MainViewController.h */,
				6CDB0815181E4FA80048BF65 /* MainViewController.m */,
				6CDB07E3181E46D50048BF65 /* Main_iPhone.storyboard */,
				6CDB07E6181E46D50048BF65 /* Main_iPad.storyboard */,
				6CDB081C181E74FF0048BF65 /* IssueCell.h */,
				6CDB081D181E74FF0048BF65 /* IssueCell.m */,
				6CDB080E181E4BC20048BF65 /* HeaderImageView.h */,
				6CDB080F181E4BC20048BF65 /* HeaderImageView.m */,
				6CDB0846181EA1110048BF65 /* thirdParty */,
				6CB6B7E31828DD8A00CB9BC2 /* Images.xcassets */,
				6CDB07D8181E46D50048BF65 /* Supporting Files */,
			);
			path = probmxmag;
			sourceTree = "<group>";
		};
		6CDB07D8181E46D50048BF65 /* Supporting Files */ = {
			isa = PBXGroup;
			children = (
				6CDB0817181E51900048BF65 /* images */,
				6CDB07D9181E46D50048BF65 /* probmxmag-Info.plist */,
				6CDB07DA181E46D50048BF65 /* InfoPlist.strings */,
				6CDB07DD181E46D50048BF65 /* main.m */,
				6CDB07DF181E46D50048BF65 /* probmxmag-Prefix.pch */,
			);
			name = "Supporting Files";
			sourceTree = "<group>";
		};
		6CDB07F9181E46D60048BF65 /* probmxmagTests */ = {
			isa = PBXGroup;
			children = (
				6CDB07FF181E46D60048BF65 /* probmxmagTests.m */,
				6CDB07FA181E46D60048BF65 /* Supporting Files */,
			);
			path = probmxmagTests;
			sourceTree = "<group>";
		};
		6CDB07FA181E46D60048BF65 /* Supporting Files */ = {
			isa = PBXGroup;
			children = (
				6CDB07FB181E46D60048BF65 /* probmxmagTests-Info.plist */,
				6CDB07FC181E46D60048BF65 /* InfoPlist.strings */,
			);
			name = "Supporting Files";
			sourceTree = "<group>";
		};
		6CDB0817181E51900048BF65 /* images */ = {
			isa = PBXGroup;
			children = (
				6CB6B7E51828E04800CB9BC2 /* icon@2x.png */,
				6CB6B7E61828E04800CB9BC2 /* icon.png */,
				6CDB083B181E7A5C0048BF65 /* settings.png */,
				6CDB083C181E7A5C0048BF65 /* settings@2x.png */,
				6CDB0818181E519D0048BF65 /* background.png */,
				6CDB0819181E519D0048BF65 /* background@2x.png */,
			);
			name = images;
			sourceTree = "<group>";
		};
		6CDB0846181EA1110048BF65 /* thirdParty */ = {
			isa = PBXGroup;
			children = (
				6CDB085A181EE5C30048BF65 /* SSZipArchive */,
				6CDB084A181EA1420048BF65 /* Reachability.h */,
				6CDB084B181EA1420048BF65 /* Reachability.m */,
			);
			name = thirdParty;
			sourceTree = "<group>";
		};
		6CDB0853181EE1DA0048BF65 /* XMLParser */ = {
			isa = PBXGroup;
			children = (
				6CDB0854181EE2000048BF65 /* XMLParser.h */,
				6CDB0855181EE2000048BF65 /* XMLParser.m */,
			);
			name = XMLParser;
			sourceTree = "<group>";
		};
		6CDB085A181EE5C30048BF65 /* SSZipArchive */ = {
			isa = PBXGroup;
			children = (
				6CDB085B181EE5C30048BF65 /* minizip */,
				6CDB0865181EE5C30048BF65 /* SSZipArchive.h */,
				6CDB0866181EE5C30048BF65 /* SSZipArchive.m */,
			);
			path = SSZipArchive;
			sourceTree = "<group>";
		};
		6CDB085B181EE5C30048BF65 /* minizip */ = {
			isa = PBXGroup;
			children = (
				6CDB085C181EE5C30048BF65 /* crypt.h */,
				6CDB085D181EE5C30048BF65 /* ioapi.c */,
				6CDB085E181EE5C30048BF65 /* ioapi.h */,
				6CDB085F181EE5C30048BF65 /* mztools.c */,
				6CDB0860181EE5C30048BF65 /* mztools.h */,
				6CDB0861181EE5C30048BF65 /* unzip.c */,
				6CDB0862181EE5C30048BF65 /* unzip.h */,
				6CDB0863181EE5C30048BF65 /* zip.c */,
				6CDB0864181EE5C30048BF65 /* zip.h */,
			);
			path = minizip;
			sourceTree = "<group>";
		};
/* End PBXGroup section */

/* Begin PBXNativeTarget section */
		6CDB07CD181E46D50048BF65 /* probmxmag */ = {
			isa = PBXNativeTarget;
			buildConfigurationList = 6CDB0803181E46D60048BF65 /* Build configuration list for PBXNativeTarget "probmxmag" */;
			buildPhases = (
				6CDB07CA181E46D50048BF65 /* Sources */,
				6CDB07CB181E46D50048BF65 /* Frameworks */,
				6CDB07CC181E46D50048BF65 /* Resources */,
			);
			buildRules = (
			);
			dependencies = (
			);
			name = probmxmag;
			productName = probmxmag;
			productReference = 6CDB07CE181E46D50048BF65 /* probmxmag.app */;
			productType = "com.apple.product-type.application";
		};
		6CDB07F1181E46D60048BF65 /* probmxmagTests */ = {
			isa = PBXNativeTarget;
			buildConfigurationList = 6CDB0806181E46D60048BF65 /* Build configuration list for PBXNativeTarget "probmxmagTests" */;
			buildPhases = (
				6CDB07EE181E46D60048BF65 /* Sources */,
				6CDB07EF181E46D60048BF65 /* Frameworks */,
				6CDB07F0181E46D60048BF65 /* Resources */,
			);
			buildRules = (
			);
			dependencies = (
				6CDB07F8181E46D60048BF65 /* PBXTargetDependency */,
			);
			name = probmxmagTests;
			productName = probmxmagTests;
			productReference = 6CDB07F2181E46D60048BF65 /* probmxmagTests.xctest */;
			productType = "com.apple.product-type.bundle.unit-test";
		};
/* End PBXNativeTarget section */

/* Begin PBXProject section */
		6CDB07C6181E46D50048BF65 /* Project object */ = {
			isa = PBXProject;
			attributes = {
				LastUpgradeCheck = 0500;
				ORGANIZATIONNAME = "Aleksey Ivanov";
				TargetAttributes = {
					6CDB07CD181E46D50048BF65 = {
						DevelopmentTeam = 657GC2CXLB;
						SystemCapabilities = {
							com.apple.BackgroundModes = {
								enabled = 1;
							};
							com.apple.InAppPurchase = {
								enabled = 1;
							};
						};
					};
					6CDB07F1181E46D60048BF65 = {
						TestTargetID = 6CDB07CD181E46D50048BF65;
					};
				};
			};
			buildConfigurationList = 6CDB07C9181E46D50048BF65 /* Build configuration list for PBXProject "probmxmag" */;
			compatibilityVersion = "Xcode 3.2";
			developmentRegion = English;
			hasScannedForEncodings = 0;
			knownRegions = (
				en,
				Base,
			);
			mainGroup = 6CDB07C5181E46D50048BF65;
			productRefGroup = 6CDB07CF181E46D50048BF65 /* Products */;
			projectDirPath = "";
			projectRoot = "";
			targets = (
				6CDB07CD181E46D50048BF65 /* probmxmag */,
				6CDB07F1181E46D60048BF65 /* probmxmagTests */,
			);
		};
/* End PBXProject section */

/* Begin PBXResourcesBuildPhase section */
		6CDB07CC181E46D50048BF65 /* Resources */ = {
			isa = PBXResourcesBuildPhase;
			buildActionMask = 2147483647;
			files = (
				6CDB07E8181E46D50048BF65 /* Main_iPad.storyboard in Resources */,
				6CB6B7E41828DD8A00CB9BC2 /* Images.xcassets in Resources */,
				6CDB083D181E7A5C0048BF65 /* settings.png in Resources */,
				6CDB081A181E519D0048BF65 /* background.png in Resources */,
				6CDB07E5181E46D50048BF65 /* Main_iPhone.storyboard in Resources */,
				6CDB083E181E7A5C0048BF65 /* settings@2x.png in Resources */,
				6CB6B7E81828E04800CB9BC2 /* icon.png in Resources */,
				6CDB081B181E519D0048BF65 /* background@2x.png in Resources */,
				6CDB07DC181E46D50048BF65 /* InfoPlist.strings in Resources */,
				6CB6B7E71828E04800CB9BC2 /* icon@2x.png in Resources */,
			);
			runOnlyForDeploymentPostprocessing = 0;
		};
		6CDB07F0181E46D60048BF65 /* Resources */ = {
			isa = PBXResourcesBuildPhase;
			buildActionMask = 2147483647;
			files = (
				6CDB07FE181E46D60048BF65 /* InfoPlist.strings in Resources */,
			);
			runOnlyForDeploymentPostprocessing = 0;
		};
/* End PBXResourcesBuildPhase section */

/* Begin PBXSourcesBuildPhase section */
		6CDB07CA181E46D50048BF65 /* Sources */ = {
			isa = PBXSourcesBuildPhase;
			buildActionMask = 2147483647;
			files = (
				6CDB07E2181E46D50048BF65 /* AppDelegate.m in Sources */,
				6CDB07DE181E46D50048BF65 /* main.m in Sources */,
				6CDB081E181E74FF0048BF65 /* IssueCell.m in Sources */,
				6CDB0859181EE5480048BF65 /* NewsstandDownloader.m in Sources */,
				6CDB0867181EE5C30048BF65 /* ioapi.c in Sources */,
				6CDB0868181EE5C30048BF65 /* mztools.c in Sources */,
				6CDB0869181EE5C30048BF65 /* unzip.c in Sources */,
				6CDB0852181EDDEE0048BF65 /* Publisher.m in Sources */,
				6CDB0856181EE2000048BF65 /* XMLParser.m in Sources */,
				6CDB0810181E4BC20048BF65 /* HeaderImageView.m in Sources */,
				6CDB086A181EE5C30048BF65 /* zip.c in Sources */,
				6CDB0816181E4FA80048BF65 /* MainViewController.m in Sources */,
				6CDB086B181EE5C30048BF65 /* SSZipArchive.m in Sources */,
				6CDB084C181EA1420048BF65 /* Reachability.m in Sources */,
			);
			runOnlyForDeploymentPostprocessing = 0;
		};
		6CDB07EE181E46D60048BF65 /* Sources */ = {
			isa = PBXSourcesBuildPhase;
			buildActionMask = 2147483647;
			files = (
				6CDB0800181E46D60048BF65 /* probmxmagTests.m in Sources */,
			);
			runOnlyForDeploymentPostprocessing = 0;
		};
/* End PBXSourcesBuildPhase section */

/* Begin PBXTargetDependency section */
		6CDB07F8181E46D60048BF65 /* PBXTargetDependency */ = {
			isa = PBXTargetDependency;
			target = 6CDB07CD181E46D50048BF65 /* probmxmag */;
			targetProxy = 6CDB07F7181E46D60048BF65 /* PBXContainerItemProxy */;
		};
/* End PBXTargetDependency section */

/* Begin PBXVariantGroup section */
		6CDB07DA181E46D50048BF65 /* InfoPlist.strings */ = {
			isa = PBXVariantGroup;
			children = (
				6CDB07DB181E46D50048BF65 /* en */,
			);
			name = InfoPlist.strings;
			sourceTree = "<group>";
		};
		6CDB07E3181E46D50048BF65 /* Main_iPhone.storyboard */ = {
			isa = PBXVariantGroup;
			children = (
				6CDB07E4181E46D50048BF65 /* Base */,
			);
			name = Main_iPhone.storyboard;
			sourceTree = "<group>";
		};
		6CDB07E6181E46D50048BF65 /* Main_iPad.storyboard */ = {
			isa = PBXVariantGroup;
			children = (
				6CDB07E7181E46D50048BF65 /* Base */,
			);
			name = Main_iPad.storyboard;
			sourceTree = "<group>";
		};
		6CDB07FC181E46D60048BF65 /* InfoPlist.strings */ = {
			isa = PBXVariantGroup;
			children = (
				6CDB07FD181E46D60048BF65 /* en */,
			);
			name = InfoPlist.strings;
			sourceTree = "<group>";
		};
/* End PBXVariantGroup section */

/* Begin XCBuildConfiguration section */
		6CDB0801181E46D60048BF65 /* Debug */ = {
			isa = XCBuildConfiguration;
			buildSettings = {
				ALWAYS_SEARCH_USER_PATHS = NO;
				ARCHS = "$(ARCHS_STANDARD_INCLUDING_64_BIT)";
				CLANG_CXX_LANGUAGE_STANDARD = "gnu++0x";
				CLANG_CXX_LIBRARY = "libc++";
				CLANG_ENABLE_MODULES = YES;
				CLANG_ENABLE_OBJC_ARC = YES;
				CLANG_WARN_BOOL_CONVERSION = YES;
				CLANG_WARN_CONSTANT_CONVERSION = YES;
				CLANG_WARN_DIRECT_OBJC_ISA_USAGE = YES_ERROR;
				CLANG_WARN_EMPTY_BODY = YES;
				CLANG_WARN_ENUM_CONVERSION = YES;
				CLANG_WARN_INT_CONVERSION = YES;
				CLANG_WARN_OBJC_ROOT_CLASS = YES_ERROR;
				CLANG_WARN__DUPLICATE_METHOD_MATCH = YES;
				"CODE_SIGN_IDENTITY[sdk=iphoneos*]" = "iPhone Developer";
				COPY_PHASE_STRIP = NO;
				GCC_C_LANGUAGE_STANDARD = gnu99;
				GCC_DYNAMIC_NO_PIC = NO;
				GCC_OPTIMIZATION_LEVEL = 0;
				GCC_PREPROCESSOR_DEFINITIONS = (
					"DEBUG=1",
					"$(inherited)",
				);
				GCC_SYMBOLS_PRIVATE_EXTERN = NO;
				GCC_WARN_64_TO_32_BIT_CONVERSION = YES;
				GCC_WARN_ABOUT_RETURN_TYPE = YES_ERROR;
				GCC_WARN_UNDECLARED_SELECTOR = YES;
				GCC_WARN_UNINITIALIZED_AUTOS = YES;
				GCC_WARN_UNUSED_FUNCTION = YES;
				GCC_WARN_UNUSED_VARIABLE = YES;
				IPHONEOS_DEPLOYMENT_TARGET = 7.0;
				ONLY_ACTIVE_ARCH = YES;
				SDKROOT = iphoneos;
				TARGETED_DEVICE_FAMILY = "1,2";
			};
			name = Debug;
		};
		6CDB0802181E46D60048BF65 /* Release */ = {
			isa = XCBuildConfiguration;
			buildSettings = {
				ALWAYS_SEARCH_USER_PATHS = NO;
				ARCHS = "$(ARCHS_STANDARD_INCLUDING_64_BIT)";
				CLANG_CXX_LANGUAGE_STANDARD = "gnu++0x";
				CLANG_CXX_LIBRARY = "libc++";
				CLANG_ENABLE_MODULES = YES;
				CLANG_ENABLE_OBJC_ARC = YES;
				CLANG_WARN_BOOL_CONVERSION = YES;
				CLANG_WARN_CONSTANT_CONVERSION = YES;
				CLANG_WARN_DIRECT_OBJC_ISA_USAGE = YES_ERROR;
				CLANG_WARN_EMPTY_BODY = YES;
				CLANG_WARN_ENUM_CONVERSION = YES;
				CLANG_WARN_INT_CONVERSION = YES;
				CLANG_WARN_OBJC_ROOT_CLASS = YES_ERROR;
				CLANG_WARN__DUPLICATE_METHOD_MATCH = YES;
				"CODE_SIGN_IDENTITY[sdk=iphoneos*]" = "iPhone Developer";
				COPY_PHASE_STRIP = YES;
				ENABLE_NS_ASSERTIONS = NO;
				GCC_C_LANGUAGE_STANDARD = gnu99;
				GCC_WARN_64_TO_32_BIT_CONVERSION = YES;
				GCC_WARN_ABOUT_RETURN_TYPE = YES_ERROR;
				GCC_WARN_UNDECLARED_SELECTOR = YES;
				GCC_WARN_UNINITIALIZED_AUTOS = YES;
				GCC_WARN_UNUSED_FUNCTION = YES;
				GCC_WARN_UNUSED_VARIABLE = YES;
				IPHONEOS_DEPLOYMENT_TARGET = 7.0;
				SDKROOT = iphoneos;
				TARGETED_DEVICE_FAMILY = "1,2";
				VALIDATE_PRODUCT = YES;
			};
			name = Release;
		};
		6CDB0804181E46D60048BF65 /* Debug */ = {
			isa = XCBuildConfiguration;
			buildSettings = {
				ARCHS = "$(ARCHS_STANDARD)";
				ASSETCATALOG_COMPILER_APPICON_NAME = AppIcon;
				ASSETCATALOG_COMPILER_LAUNCHIMAGE_NAME = LaunchImage;
				CODE_SIGN_IDENTITY = "iPhone Developer";
				"CODE_SIGN_IDENTITY[sdk=iphoneos*]" = "iPhone Developer";
				FRAMEWORK_SEARCH_PATHS = "$(inherited)";
				GCC_PRECOMPILE_PREFIX_HEADER = YES;
				GCC_PREFIX_HEADER = "probmxmag/probmxmag-Prefix.pch";
				INFOPLIST_FILE = "probmxmag/probmxmag-Info.plist";
				IPHONEOS_DEPLOYMENT_TARGET = 6.0;
				LIBRARY_SEARCH_PATHS = "$(inherited)";
				OTHER_LDFLAGS = "";
				PRODUCT_NAME = "$(TARGET_NAME)";
				PROVISIONING_PROFILE = "";
				WRAPPER_EXTENSION = app;
			};
			name = Debug;
		};
		6CDB0805181E46D60048BF65 /* Release */ = {
			isa = XCBuildConfiguration;
			buildSettings = {
				ARCHS = "$(ARCHS_STANDARD)";
				ASSETCATALOG_COMPILER_APPICON_NAME = AppIcon;
				ASSETCATALOG_COMPILER_LAUNCHIMAGE_NAME = LaunchImage;
				CODE_SIGN_IDENTITY = "iPhone Developer";
				"CODE_SIGN_IDENTITY[sdk=iphoneos*]" = "iPhone Developer";
				FRAMEWORK_SEARCH_PATHS = "$(inherited)";
				GCC_PRECOMPILE_PREFIX_HEADER = YES;
				GCC_PREFIX_HEADER = "probmxmag/probmxmag-Prefix.pch";
				INFOPLIST_FILE = "probmxmag/probmxmag-Info.plist";
				IPHONEOS_DEPLOYMENT_TARGET = 6.0;
				LIBRARY_SEARCH_PATHS = "$(inherited)";
				OTHER_LDFLAGS = "";
				PRODUCT_NAME = "$(TARGET_NAME)";
				PROVISIONING_PROFILE = "";
				WRAPPER_EXTENSION = app;
			};
			name = Release;
		};
		6CDB0807181E46D60048BF65 /* Debug */ = {
			isa = XCBuildConfiguration;
			buildSettings = {
				ARCHS = "$(ARCHS_STANDARD_INCLUDING_64_BIT)";
				BUNDLE_LOADER = "$(BUILT_PRODUCTS_DIR)/probmxmag.app/probmxmag";
				FRAMEWORK_SEARCH_PATHS = (
					"$(SDKROOT)/Developer/Library/Frameworks",
					"$(inherited)",
					"$(DEVELOPER_FRAMEWORKS_DIR)",
				);
				GCC_PRECOMPILE_PREFIX_HEADER = YES;
				GCC_PREFIX_HEADER = "probmxmag/probmxmag-Prefix.pch";
				GCC_PREPROCESSOR_DEFINITIONS = (
					"DEBUG=1",
					"$(inherited)",
				);
				INFOPLIST_FILE = "probmxmagTests/probmxmagTests-Info.plist";
				PRODUCT_NAME = "$(TARGET_NAME)";
				TEST_HOST = "$(BUNDLE_LOADER)";
				WRAPPER_EXTENSION = xctest;
			};
			name = Debug;
		};
		6CDB0808181E46D60048BF65 /* Release */ = {
			isa = XCBuildConfiguration;
			buildSettings = {
				ARCHS = "$(ARCHS_STANDARD_INCLUDING_64_BIT)";
				BUNDLE_LOADER = "$(BUILT_PRODUCTS_DIR)/probmxmag.app/probmxmag";
				FRAMEWORK_SEARCH_PATHS = (
					"$(SDKROOT)/Developer/Library/Frameworks",
					"$(inherited)",
					"$(DEVELOPER_FRAMEWORKS_DIR)",
				);
				GCC_PRECOMPILE_PREFIX_HEADER = YES;
				GCC_PREFIX_HEADER = "probmxmag/probmxmag-Prefix.pch";
				INFOPLIST_FILE = "probmxmagTests/probmxmagTests-Info.plist";
				PRODUCT_NAME = "$(TARGET_NAME)";
				TEST_HOST = "$(BUNDLE_LOADER)";
				WRAPPER_EXTENSION = xctest;
			};
			name = Release;
		};
/* End XCBuildConfiguration section */

/* Begin XCConfigurationList section */
		6CDB07C9181E46D50048BF65 /* Build configuration list for PBXProject "probmxmag" */ = {
			isa = XCConfigurationList;
			buildConfigurations = (
				6CDB0801181E46D60048BF65 /* Debug */,
				6CDB0802181E46D60048BF65 /* Release */,
			);
			defaultConfigurationIsVisible = 0;
			defaultConfigurationName = Debug;
		};
		6CDB0803181E46D60048BF65 /* Build configuration list for PBXNativeTarget "probmxmag" */ = {
			isa = XCConfigurationList;
			buildConfigurations = (
				6CDB0804181E46D60048BF65 /* Debug */,
				6CDB0805181E46D60048BF65 /* Release */,
			);
			defaultConfigurationIsVisible = 0;
			defaultConfigurationName = Debug;
		};
		6CDB0806181E46D60048BF65 /* Build configuration list for PBXNativeTarget "probmxmagTests" */ = {
			isa = XCConfigurationList;
			buildConfigurations = (
				6CDB0807181E46D60048BF65 /* Debug */,
				6CDB0808181E46D60048BF65 /* Release */,
			);
			defaultConfigurationIsVisible = 0;
			defaultConfigurationName = Debug;
		};
/* End XCConfigurationList section */
	};
	rootObject = 6CDB07C6181E46D50048BF65 /* Project object */;
}
