// !$*UTF8*$!
{
	archiveVersion = 1;
	classes = {
	};
	objectVersion = 46;
	objects = {

/* Begin PBXBuildFile section */
		6C3B82A8182BB85D007384B3 /* XMLParser.m in Sources */ = {isa = PBXBuildFile; fileRef = 6C3B82A7182BB85D007384B3 /* XMLParser.m */; };
		6C3B82B9182BB8E3007384B3 /* Reachability.m in Sources */ = {isa = PBXBuildFile; fileRef = 6C3B82AB182BB8E3007384B3 /* Reachability.m */; settings = {COMPILER_FLAGS = "-fno-objc-arc"; }; };
		6C3B82BA182BB8E3007384B3 /* ioapi.c in Sources */ = {isa = PBXBuildFile; fileRef = 6C3B82AF182BB8E3007384B3 /* ioapi.c */; };
		6C3B82BB182BB8E3007384B3 /* mztools.c in Sources */ = {isa = PBXBuildFile; fileRef = 6C3B82B1182BB8E3007384B3 /* mztools.c */; };
		6C3B82BC182BB8E3007384B3 /* unzip.c in Sources */ = {isa = PBXBuildFile; fileRef = 6C3B82B3182BB8E3007384B3 /* unzip.c */; };
		6C3B82BD182BB8E3007384B3 /* zip.c in Sources */ = {isa = PBXBuildFile; fileRef = 6C3B82B5182BB8E3007384B3 /* zip.c */; };
		6C3B82BE182BB8E3007384B3 /* SSZipArchive.m in Sources */ = {isa = PBXBuildFile; fileRef = 6C3B82B8182BB8E3007384B3 /* SSZipArchive.m */; };
		6C3B8315182BB92C007384B3 /* BookmarkView.xib in Resources */ = {isa = PBXBuildFile; fileRef = 6C3B82C1182BB92B007384B3 /* BookmarkView.xib */; };
		6C3B8316182BB92C007384B3 /* BookmarkViewController.m in Sources */ = {isa = PBXBuildFile; fileRef = 6C3B82C3182BB92B007384B3 /* BookmarkViewController.m */; settings = {COMPILER_FLAGS = "-fno-objc-arc"; }; };
		6C3B8325182BB92C007384B3 /* AudioViewController.m in Sources */ = {isa = PBXBuildFile; fileRef = 6C3B82EA182BB92C007384B3 /* AudioViewController.m */; settings = {COMPILER_FLAGS = "-fno-objc-arc"; }; };
		6C3B8326182BB92C007384B3 /* AudioViewController.xib in Resources */ = {isa = PBXBuildFile; fileRef = 6C3B82EB182BB92C007384B3 /* AudioViewController.xib */; };
		6C3B8327182BB92C007384B3 /* MFAudioPlayerViewImpl.m in Sources */ = {isa = PBXBuildFile; fileRef = 6C3B82ED182BB92C007384B3 /* MFAudioPlayerViewImpl.m */; settings = {COMPILER_FLAGS = "-fno-objc-arc"; }; };
		6C3B8328182BB92C007384B3 /* WebBrowser.m in Sources */ = {isa = PBXBuildFile; fileRef = 6C3B82EF182BB92C007384B3 /* WebBrowser.m */; settings = {COMPILER_FLAGS = "-fno-objc-arc"; }; };
		6C3B8329182BB92C007384B3 /* WebBrowser.xib in Resources */ = {isa = PBXBuildFile; fileRef = 6C3B82F0182BB92C007384B3 /* WebBrowser.xib */; };
		6C3B832A182BB92C007384B3 /* OutlineView.xib in Resources */ = {isa = PBXBuildFile; fileRef = 6C3B82F2182BB92C007384B3 /* OutlineView.xib */; };
		6C3B832B182BB92C007384B3 /* OutlineViewController.m in Sources */ = {isa = PBXBuildFile; fileRef = 6C3B82F4182BB92C007384B3 /* OutlineViewController.m */; settings = {COMPILER_FLAGS = "-fno-objc-arc"; }; };
		6C3B832E182BB92C007384B3 /* ReaderViewController.m in Sources */ = {isa = PBXBuildFile; fileRef = 6C3B82FC182BB92C007384B3 /* ReaderViewController.m */; settings = {COMPILER_FLAGS = "-fno-objc-arc"; }; };
		6C3B832F182BB92C007384B3 /* MiniSearchView.m in Sources */ = {isa = PBXBuildFile; fileRef = 6C3B82FF182BB92C007384B3 /* MiniSearchView.m */; settings = {COMPILER_FLAGS = "-fno-objc-arc"; }; };
		6C3B8330182BB92C007384B3 /* NotificationFactory.m in Sources */ = {isa = PBXBuildFile; fileRef = 6C3B8302182BB92C007384B3 /* NotificationFactory.m */; settings = {COMPILER_FLAGS = "-fno-objc-arc"; }; };
		6C3B8331182BB92C007384B3 /* SearchManager.m in Sources */ = {isa = PBXBuildFile; fileRef = 6C3B8304182BB92C007384B3 /* SearchManager.m */; settings = {COMPILER_FLAGS = "-fno-objc-arc"; }; };
		6C3B8332182BB92C007384B3 /* SearchResultCellView.m in Sources */ = {isa = PBXBuildFile; fileRef = 6C3B8306182BB92C007384B3 /* SearchResultCellView.m */; settings = {COMPILER_FLAGS = "-fno-objc-arc"; }; };
		6C3B8333182BB92C007384B3 /* SearchResultView.m in Sources */ = {isa = PBXBuildFile; fileRef = 6C3B8309182BB92C007384B3 /* SearchResultView.m */; settings = {COMPILER_FLAGS = "-fno-objc-arc"; }; };
		6C3B8334182BB92C007384B3 /* SearchView2_pad.xib in Resources */ = {isa = PBXBuildFile; fileRef = 6C3B830A182BB92C007384B3 /* SearchView2_pad.xib */; };
		6C3B8335182BB92C007384B3 /* SearchView2_phone.xib in Resources */ = {isa = PBXBuildFile; fileRef = 6C3B830B182BB92C007384B3 /* SearchView2_phone.xib */; };
		6C3B8336182BB92C007384B3 /* SearchViewController.m in Sources */ = {isa = PBXBuildFile; fileRef = 6C3B830D182BB92C007384B3 /* SearchViewController.m */; settings = {COMPILER_FLAGS = "-fno-objc-arc"; }; };
		6C3B8337182BB92C007384B3 /* TextDisplayView.xib in Resources */ = {isa = PBXBuildFile; fileRef = 6C3B830F182BB92C007384B3 /* TextDisplayView.xib */; };
		6C3B8338182BB92C007384B3 /* TextDisplayViewController.m in Sources */ = {isa = PBXBuildFile; fileRef = 6C3B8311182BB92C007384B3 /* TextDisplayViewController.m */; settings = {COMPILER_FLAGS = "-fno-objc-arc"; }; };
		6C3B8339182BB92C007384B3 /* TextSearchOperation.m in Sources */ = {isa = PBXBuildFile; fileRef = 6C3B8314182BB92C007384B3 /* TextSearchOperation.m */; settings = {COMPILER_FLAGS = "-fno-objc-arc"; }; };
		6C3BDE44183B7C6B00B707F3 /* FPKShared.framework in Frameworks */ = {isa = PBXBuildFile; fileRef = 6C3BDE2D183B7C6B00B707F3 /* FPKShared.framework */; };
		6C3BDE45183B7C6B00B707F3 /* FPKConfig.framework in Frameworks */ = {isa = PBXBuildFile; fileRef = 6C3BDE2F183B7C6B00B707F3 /* FPKConfig.framework */; };
		6C3BDE46183B7C6C00B707F3 /* FPKGalleryFade.framework in Frameworks */ = {isa = PBXBuildFile; fileRef = 6C3BDE31183B7C6B00B707F3 /* FPKGalleryFade.framework */; };
		6C3BDE47183B7C6C00B707F3 /* FPKGallerySlide.framework in Frameworks */ = {isa = PBXBuildFile; fileRef = 6C3BDE33183B7C6B00B707F3 /* FPKGallerySlide.framework */; };
		6C3BDE49183B7C6C00B707F3 /* FPKImage.framework in Frameworks */ = {isa = PBXBuildFile; fileRef = 6C3BDE37183B7C6B00B707F3 /* FPKImage.framework */; };
		6C3BDE4A183B7C6C00B707F3 /* FPKMap.framework in Frameworks */ = {isa = PBXBuildFile; fileRef = 6C3BDE39183B7C6B00B707F3 /* FPKMap.framework */; };
		6C3BDE4B183B7C6D00B707F3 /* FPKMessage.framework in Frameworks */ = {isa = PBXBuildFile; fileRef = 6C3BDE3B183B7C6B00B707F3 /* FPKMessage.framework */; };
		6C3BDE4C183B7C6D00B707F3 /* fpkmessage-info.png in Resources */ = {isa = PBXBuildFile; fileRef = 6C3BDE3D183B7C6B00B707F3 /* fpkmessage-info.png */; };
		6C551DFF18335E9200CD8187 /* trash@2x.png in Resources */ = {isa = PBXBuildFile; fileRef = 6C551DFD18335E9200CD8187 /* trash@2x.png */; };
		6C551E0018335E9200CD8187 /* trash.png in Resources */ = {isa = PBXBuildFile; fileRef = 6C551DFE18335E9200CD8187 /* trash.png */; };
		6C551E03183362D700CD8187 /* trash-2.png in Resources */ = {isa = PBXBuildFile; fileRef = 6C551E01183362D700CD8187 /* trash-2.png */; };
		6C551E04183362D700CD8187 /* trash-2@2x.png in Resources */ = {isa = PBXBuildFile; fileRef = 6C551E02183362D700CD8187 /* trash-2@2x.png */; };
		6C5F83C2183E2A10008C38A0 /* FFCircularProgressView.m in Sources */ = {isa = PBXBuildFile; fileRef = 6C5F83BF183E2A10008C38A0 /* FFCircularProgressView.m */; };
		6C5F83C3183E2A10008C38A0 /* UIColor+iOS7.m in Sources */ = {isa = PBXBuildFile; fileRef = 6C5F83C1183E2A10008C38A0 /* UIColor+iOS7.m */; };
		6C6CAF23183B57BE0034349F /* MapKit.framework in Frameworks */ = {isa = PBXBuildFile; fileRef = 6C6CAF22183B57BE0034349F /* MapKit.framework */; };
		6C7978801844B70A00AA3C69 /* Parse.framework in Frameworks */ = {isa = PBXBuildFile; fileRef = 6C79787F1844B70A00AA3C69 /* Parse.framework */; };
		6C7978861844CAEA00AA3C69 /* libFastPdfKit.a in Frameworks */ = {isa = PBXBuildFile; fileRef = 6C7978841844CAC800AA3C69 /* libFastPdfKit.a */; };
		6C834AE0182D289200AB2CF7 /* ExtendNSLog.m in Sources */ = {isa = PBXBuildFile; fileRef = 6C834ADF182D289200AB2CF7 /* ExtendNSLog.m */; };
		6C834AE4182D2CA200AB2CF7 /* StoreManager.m in Sources */ = {isa = PBXBuildFile; fileRef = 6C834AE3182D2CA200AB2CF7 /* StoreManager.m */; };
		6C8A9C1E182CCE15002800C5 /* FPKReaderBundle.bundle in Resources */ = {isa = PBXBuildFile; fileRef = 6C8A9C1D182CCE15002800C5 /* FPKReaderBundle.bundle */; };
		6CB1C1921843C1DE00AB4883 /* FPKYouTube.m in Sources */ = {isa = PBXBuildFile; fileRef = 6CB1C18D1843C1DE00AB4883 /* FPKYouTube.m */; settings = {COMPILER_FLAGS = "-fno-objc-arc"; }; };
		6CB6B7E41828DD8A00CB9BC2 /* Images.xcassets in Resources */ = {isa = PBXBuildFile; fileRef = 6CB6B7E31828DD8A00CB9BC2 /* Images.xcassets */; };
		6CB6B7E71828E04800CB9BC2 /* icon@2x.png in Resources */ = {isa = PBXBuildFile; fileRef = 6CB6B7E51828E04800CB9BC2 /* icon@2x.png */; };
		6CB6B7E81828E04800CB9BC2 /* icon.png in Resources */ = {isa = PBXBuildFile; fileRef = 6CB6B7E61828E04800CB9BC2 /* icon.png */; };
		6CB95C2C1858418500DBDE93 /* FBMissingSymbols.m in Sources */ = {isa = PBXBuildFile; fileRef = 6CB95C2B1858418500DBDE93 /* FBMissingSymbols.m */; };
		6CBC8C1C184A2A0600234EA2 /* BorderImageView.m in Sources */ = {isa = PBXBuildFile; fileRef = 6CBC8C17184A2A0600234EA2 /* BorderImageView.m */; };
		6CBC8C1D184A2A0600234EA2 /* FPKGalleryTap.m in Sources */ = {isa = PBXBuildFile; fileRef = 6CBC8C19184A2A0600234EA2 /* FPKGalleryTap.m */; };
		6CBC8C1E184A2A0600234EA2 /* TransitionImageView.m in Sources */ = {isa = PBXBuildFile; fileRef = 6CBC8C1B184A2A0600234EA2 /* TransitionImageView.m */; };
		6CCCD56D183B4D0F00DA742B /* Courier-Bold.fpkfm in Resources */ = {isa = PBXBuildFile; fileRef = 6CCCD55F183B4D0F00DA742B /* Courier-Bold.fpkfm */; };
		6CCCD56E183B4D0F00DA742B /* Courier-BoldOblique.fpkfm in Resources */ = {isa = PBXBuildFile; fileRef = 6CCCD560183B4D0F00DA742B /* Courier-BoldOblique.fpkfm */; };
		6CCCD56F183B4D0F00DA742B /* Courier-Oblique.fpkfm in Resources */ = {isa = PBXBuildFile; fileRef = 6CCCD561183B4D0F00DA742B /* Courier-Oblique.fpkfm */; };
		6CCCD570183B4D0F00DA742B /* Courier.fpkfm in Resources */ = {isa = PBXBuildFile; fileRef = 6CCCD562183B4D0F00DA742B /* Courier.fpkfm */; };
		6CCCD571183B4D0F00DA742B /* Helvetica-Bold.fpkfm in Resources */ = {isa = PBXBuildFile; fileRef = 6CCCD563183B4D0F00DA742B /* Helvetica-Bold.fpkfm */; };
		6CCCD572183B4D0F00DA742B /* Helvetica-BoldOblique.fpkfm in Resources */ = {isa = PBXBuildFile; fileRef = 6CCCD564183B4D0F00DA742B /* Helvetica-BoldOblique.fpkfm */; };
		6CCCD573183B4D0F00DA742B /* Helvetica-Oblique.fpkfm in Resources */ = {isa = PBXBuildFile; fileRef = 6CCCD565183B4D0F00DA742B /* Helvetica-Oblique.fpkfm */; };
		6CCCD574183B4D0F00DA742B /* Helvetica.fpkfm in Resources */ = {isa = PBXBuildFile; fileRef = 6CCCD566183B4D0F00DA742B /* Helvetica.fpkfm */; };
		6CCCD575183B4D0F00DA742B /* Times-Bold.fpkfm in Resources */ = {isa = PBXBuildFile; fileRef = 6CCCD567183B4D0F00DA742B /* Times-Bold.fpkfm */; };
		6CCCD576183B4D0F00DA742B /* Times-BoldItalic.fpkfm in Resources */ = {isa = PBXBuildFile; fileRef = 6CCCD568183B4D0F00DA742B /* Times-BoldItalic.fpkfm */; };
		6CCCD577183B4D0F00DA742B /* Times-Italic.fpkfm in Resources */ = {isa = PBXBuildFile; fileRef = 6CCCD569183B4D0F00DA742B /* Times-Italic.fpkfm */; };
		6CCCD578183B4D0F00DA742B /* Times-Roman.fpkfm in Resources */ = {isa = PBXBuildFile; fileRef = 6CCCD56A183B4D0F00DA742B /* Times-Roman.fpkfm */; };
		6CD20BA7185852C20068A2EA /* DDPageControl.m in Sources */ = {isa = PBXBuildFile; fileRef = 6CD20BA4185852C20068A2EA /* DDPageControl.m */; settings = {COMPILER_FLAGS = "-fno-objc-arc"; }; };
		6CD20BA8185852C20068A2EA /* DDSocialDialog.m in Sources */ = {isa = PBXBuildFile; fileRef = 6CD20BA6185852C20068A2EA /* DDSocialDialog.m */; settings = {COMPILER_FLAGS = "-fno-objc-arc"; }; };
		6CDB07D2181E46D50048BF65 /* Foundation.framework in Frameworks */ = {isa = PBXBuildFile; fileRef = 6CDB07D1181E46D50048BF65 /* Foundation.framework */; };
		6CDB07D4181E46D50048BF65 /* CoreGraphics.framework in Frameworks */ = {isa = PBXBuildFile; fileRef = 6CDB07D3181E46D50048BF65 /* CoreGraphics.framework */; };
		6CDB07D6181E46D50048BF65 /* UIKit.framework in Frameworks */ = {isa = PBXBuildFile; fileRef = 6CDB07D5181E46D50048BF65 /* UIKit.framework */; };
		6CDB07DC181E46D50048BF65 /* InfoPlist.strings in Resources */ = {isa = PBXBuildFile; fileRef = 6CDB07DA181E46D50048BF65 /* InfoPlist.strings */; };
		6CDB07DE181E46D50048BF65 /* main.m in Sources */ = {isa = PBXBuildFile; fileRef = 6CDB07DD181E46D50048BF65 /* main.m */; };
		6CDB07E2181E46D50048BF65 /* AppDelegate.m in Sources */ = {isa = PBXBuildFile; fileRef = 6CDB07E1181E46D50048BF65 /* AppDelegate.m */; };
		6CDB07E5181E46D50048BF65 /* Main_iPhone.storyboard in Resources */ = {isa = PBXBuildFile; fileRef = 6CDB07E3181E46D50048BF65 /* Main_iPhone.storyboard */; };
		6CDB07E8181E46D50048BF65 /* Main_iPad.storyboard in Resources */ = {isa = PBXBuildFile; fileRef = 6CDB07E6181E46D50048BF65 /* Main_iPad.storyboard */; };
		6CDB07F4181E46D60048BF65 /* XCTest.framework in Frameworks */ = {isa = PBXBuildFile; fileRef = 6CDB07F3181E46D60048BF65 /* XCTest.framework */; };
		6CDB07F5181E46D60048BF65 /* Foundation.framework in Frameworks */ = {isa = PBXBuildFile; fileRef = 6CDB07D1181E46D50048BF65 /* Foundation.framework */; };
		6CDB07F6181E46D60048BF65 /* UIKit.framework in Frameworks */ = {isa = PBXBuildFile; fileRef = 6CDB07D5181E46D50048BF65 /* UIKit.framework */; };
		6CDB07FE181E46D60048BF65 /* InfoPlist.strings in Resources */ = {isa = PBXBuildFile; fileRef = 6CDB07FC181E46D60048BF65 /* InfoPlist.strings */; };
		6CDB0800181E46D60048BF65 /* probmxmagTests.m in Sources */ = {isa = PBXBuildFile; fileRef = 6CDB07FF181E46D60048BF65 /* probmxmagTests.m */; };
		6CDB080A181E47200048BF65 /* StoreKit.framework in Frameworks */ = {isa = PBXBuildFile; fileRef = 6CDB0809181E47200048BF65 /* StoreKit.framework */; };
		6CDB0810181E4BC20048BF65 /* HeaderImageView.m in Sources */ = {isa = PBXBuildFile; fileRef = 6CDB080F181E4BC20048BF65 /* HeaderImageView.m */; };
		6CDB0816181E4FA80048BF65 /* MainViewController.m in Sources */ = {isa = PBXBuildFile; fileRef = 6CDB0815181E4FA80048BF65 /* MainViewController.m */; };
		6CDB081A181E519D0048BF65 /* background.png in Resources */ = {isa = PBXBuildFile; fileRef = 6CDB0818181E519D0048BF65 /* background.png */; };
		6CDB081B181E519D0048BF65 /* background@2x.png in Resources */ = {isa = PBXBuildFile; fileRef = 6CDB0819181E519D0048BF65 /* background@2x.png */; };
		6CDB081E181E74FF0048BF65 /* IssueCell.m in Sources */ = {isa = PBXBuildFile; fileRef = 6CDB081D181E74FF0048BF65 /* IssueCell.m */; };
		6CDB0820181E76670048BF65 /* NewsstandKit.framework in Frameworks */ = {isa = PBXBuildFile; fileRef = 6CDB081F181E76670048BF65 /* NewsstandKit.framework */; };
		6CDB0822181E76790048BF65 /* MediaPlayer.framework in Frameworks */ = {isa = PBXBuildFile; fileRef = 6CDB0821181E76790048BF65 /* MediaPlayer.framework */; };
		6CDB0824181E76830048BF65 /* CoreText.framework in Frameworks */ = {isa = PBXBuildFile; fileRef = 6CDB0823181E76830048BF65 /* CoreText.framework */; };
		6CDB0826181E768D0048BF65 /* QuartzCore.framework in Frameworks */ = {isa = PBXBuildFile; fileRef = 6CDB0825181E768D0048BF65 /* QuartzCore.framework */; };
		6CDB0828181E76960048BF65 /* AVFoundation.framework in Frameworks */ = {isa = PBXBuildFile; fileRef = 6CDB0827181E76960048BF65 /* AVFoundation.framework */; };
		6CDB082A181E76A80048BF65 /* AudioToolbox.framework in Frameworks */ = {isa = PBXBuildFile; fileRef = 6CDB0829181E76A80048BF65 /* AudioToolbox.framework */; };
		6CDB082D181E76C80048BF65 /* CoreLocation.framework in Frameworks */ = {isa = PBXBuildFile; fileRef = 6CDB082B181E76C80048BF65 /* CoreLocation.framework */; };
		6CDB082E181E76C80048BF65 /* CoreTelephony.framework in Frameworks */ = {isa = PBXBuildFile; fileRef = 6CDB082C181E76C80048BF65 /* CoreTelephony.framework */; };
		6CDB0830181E76D90048BF65 /* libz.dylib in Frameworks */ = {isa = PBXBuildFile; fileRef = 6CDB082F181E76D90048BF65 /* libz.dylib */; };
		6CDB0832181E76E30048BF65 /* libsqlite3.0.dylib in Frameworks */ = {isa = PBXBuildFile; fileRef = 6CDB0831181E76E30048BF65 /* libsqlite3.0.dylib */; };
		6CDB0834181E76ED0048BF65 /* Security.framework in Frameworks */ = {isa = PBXBuildFile; fileRef = 6CDB0833181E76ED0048BF65 /* Security.framework */; };
		6CDB0836181E77000048BF65 /* CFNetwork.framework in Frameworks */ = {isa = PBXBuildFile; fileRef = 6CDB0835181E77000048BF65 /* CFNetwork.framework */; };
		6CDB0838181E77100048BF65 /* MobileCoreServices.framework in Frameworks */ = {isa = PBXBuildFile; fileRef = 6CDB0837181E77100048BF65 /* MobileCoreServices.framework */; };
		6CDB083A181E77260048BF65 /* SystemConfiguration.framework in Frameworks */ = {isa = PBXBuildFile; fileRef = 6CDB0839181E77260048BF65 /* SystemConfiguration.framework */; };
		6CDB083D181E7A5C0048BF65 /* settings.png in Resources */ = {isa = PBXBuildFile; fileRef = 6CDB083B181E7A5C0048BF65 /* settings.png */; };
		6CDB083E181E7A5C0048BF65 /* settings@2x.png in Resources */ = {isa = PBXBuildFile; fileRef = 6CDB083C181E7A5C0048BF65 /* settings@2x.png */; };
		6CDB0852181EDDEE0048BF65 /* Publisher.m in Sources */ = {isa = PBXBuildFile; fileRef = 6CDB0851181EDDEE0048BF65 /* Publisher.m */; };
		6CDB0859181EE5480048BF65 /* NewsstandDownloader.m in Sources */ = {isa = PBXBuildFile; fileRef = 6CDB0858181EE5480048BF65 /* NewsstandDownloader.m */; };
		6CEDAB13183B820400EB1051 /* OverlayManager.m in Sources */ = {isa = PBXBuildFile; fileRef = 6CEDAB11183B820400EB1051 /* OverlayManager.m */; };
/* End PBXBuildFile section */

/* Begin PBXContainerItemProxy section */
		6CDB07F7181E46D60048BF65 /* PBXContainerItemProxy */ = {
			isa = PBXContainerItemProxy;
			containerPortal = 6CDB07C6181E46D50048BF65 /* Project object */;
			proxyType = 1;
			remoteGlobalIDString = 6CDB07CD181E46D50048BF65;
			remoteInfo = probmxmag;
		};
/* End PBXContainerItemProxy section */

/* Begin PBXFileReference section */
		6C1B4F2D182D038F006C7C96 /* ru */ = {isa = PBXFileReference; lastKnownFileType = text.plist.strings; name = ru; path = ru.lproj/Main_iPhone.strings; sourceTree = "<group>"; };
		6C1B4F2E182D0390006C7C96 /* ru */ = {isa = PBXFileReference; lastKnownFileType = text.plist.strings; name = ru; path = ru.lproj/Main_iPad.strings; sourceTree = "<group>"; };
		6C1B4F2F182D0390006C7C96 /* ru */ = {isa = PBXFileReference; lastKnownFileType = text.plist.strings; name = ru; path = ru.lproj/InfoPlist.strings; sourceTree = "<group>"; };
		6C1B4F30182D0390006C7C96 /* ru */ = {isa = PBXFileReference; lastKnownFileType = text.plist.strings; name = ru; path = ru.lproj/InfoPlist.strings; sourceTree = "<group>"; };
		6C3B82A6182BB85D007384B3 /* XMLParser.h */ = {isa = PBXFileReference; fileEncoding = 4; lastKnownFileType = sourcecode.c.h; path = XMLParser.h; sourceTree = "<group>"; };
		6C3B82A7182BB85D007384B3 /* XMLParser.m */ = {isa = PBXFileReference; fileEncoding = 4; lastKnownFileType = sourcecode.c.objc; path = XMLParser.m; sourceTree = "<group>"; };
		6C3B82AA182BB8E2007384B3 /* Reachability.h */ = {isa = PBXFileReference; fileEncoding = 4; lastKnownFileType = sourcecode.c.h; path = Reachability.h; sourceTree = "<group>"; };
		6C3B82AB182BB8E3007384B3 /* Reachability.m */ = {isa = PBXFileReference; fileEncoding = 4; lastKnownFileType = sourcecode.c.objc; path = Reachability.m; sourceTree = "<group>"; };
		6C3B82AE182BB8E3007384B3 /* crypt.h */ = {isa = PBXFileReference; fileEncoding = 4; lastKnownFileType = sourcecode.c.h; path = crypt.h; sourceTree = "<group>"; };
		6C3B82AF182BB8E3007384B3 /* ioapi.c */ = {isa = PBXFileReference; fileEncoding = 4; lastKnownFileType = sourcecode.c.c; path = ioapi.c; sourceTree = "<group>"; };
		6C3B82B0182BB8E3007384B3 /* ioapi.h */ = {isa = PBXFileReference; fileEncoding = 4; lastKnownFileType = sourcecode.c.h; path = ioapi.h; sourceTree = "<group>"; };
		6C3B82B1182BB8E3007384B3 /* mztools.c */ = {isa = PBXFileReference; fileEncoding = 4; lastKnownFileType = sourcecode.c.c; path = mztools.c; sourceTree = "<group>"; };
		6C3B82B2182BB8E3007384B3 /* mztools.h */ = {isa = PBXFileReference; fileEncoding = 4; lastKnownFileType = sourcecode.c.h; path = mztools.h; sourceTree = "<group>"; };
		6C3B82B3182BB8E3007384B3 /* unzip.c */ = {isa = PBXFileReference; fileEncoding = 4; lastKnownFileType = sourcecode.c.c; path = unzip.c; sourceTree = "<group>"; };
		6C3B82B4182BB8E3007384B3 /* unzip.h */ = {isa = PBXFileReference; fileEncoding = 4; lastKnownFileType = sourcecode.c.h; path = unzip.h; sourceTree = "<group>"; };
		6C3B82B5182BB8E3007384B3 /* zip.c */ = {isa = PBXFileReference; fileEncoding = 4; lastKnownFileType = sourcecode.c.c; path = zip.c; sourceTree = "<group>"; };
		6C3B82B6182BB8E3007384B3 /* zip.h */ = {isa = PBXFileReference; fileEncoding = 4; lastKnownFileType = sourcecode.c.h; path = zip.h; sourceTree = "<group>"; };
		6C3B82B7182BB8E3007384B3 /* SSZipArchive.h */ = {isa = PBXFileReference; fileEncoding = 4; lastKnownFileType = sourcecode.c.h; path = SSZipArchive.h; sourceTree = "<group>"; };
		6C3B82B8182BB8E3007384B3 /* SSZipArchive.m */ = {isa = PBXFileReference; fileEncoding = 4; lastKnownFileType = sourcecode.c.objc; path = SSZipArchive.m; sourceTree = "<group>"; };
		6C3B82C1182BB92B007384B3 /* BookmarkView.xib */ = {isa = PBXFileReference; fileEncoding = 4; lastKnownFileType = file.xib; path = BookmarkView.xib; sourceTree = "<group>"; };
		6C3B82C2182BB92B007384B3 /* BookmarkViewController.h */ = {isa = PBXFileReference; fileEncoding = 4; lastKnownFileType = sourcecode.c.h; path = BookmarkViewController.h; sourceTree = "<group>"; };
		6C3B82C3182BB92B007384B3 /* BookmarkViewController.m */ = {isa = PBXFileReference; fileEncoding = 4; lastKnownFileType = sourcecode.c.objc; path = BookmarkViewController.m; sourceTree = "<group>"; };
		6C3B82C4182BB92B007384B3 /* BookmarkViewControllerDelegate.h */ = {isa = PBXFileReference; fileEncoding = 4; lastKnownFileType = sourcecode.c.h; path = BookmarkViewControllerDelegate.h; sourceTree = "<group>"; };
		6C3B82E9182BB92C007384B3 /* AudioViewController.h */ = {isa = PBXFileReference; fileEncoding = 4; lastKnownFileType = sourcecode.c.h; path = AudioViewController.h; sourceTree = "<group>"; };
		6C3B82EA182BB92C007384B3 /* AudioViewController.m */ = {isa = PBXFileReference; fileEncoding = 4; lastKnownFileType = sourcecode.c.objc; path = AudioViewController.m; sourceTree = "<group>"; };
		6C3B82EB182BB92C007384B3 /* AudioViewController.xib */ = {isa = PBXFileReference; fileEncoding = 4; lastKnownFileType = file.xib; path = AudioViewController.xib; sourceTree = "<group>"; };
		6C3B82EC182BB92C007384B3 /* MFAudioPlayerViewImpl.h */ = {isa = PBXFileReference; fileEncoding = 4; lastKnownFileType = sourcecode.c.h; path = MFAudioPlayerViewImpl.h; sourceTree = "<group>"; };
		6C3B82ED182BB92C007384B3 /* MFAudioPlayerViewImpl.m */ = {isa = PBXFileReference; fileEncoding = 4; lastKnownFileType = sourcecode.c.objc; path = MFAudioPlayerViewImpl.m; sourceTree = "<group>"; };
		6C3B82EE182BB92C007384B3 /* WebBrowser.h */ = {isa = PBXFileReference; fileEncoding = 4; lastKnownFileType = sourcecode.c.h; path = WebBrowser.h; sourceTree = "<group>"; };
		6C3B82EF182BB92C007384B3 /* WebBrowser.m */ = {isa = PBXFileReference; fileEncoding = 4; lastKnownFileType = sourcecode.c.objc; path = WebBrowser.m; sourceTree = "<group>"; };
		6C3B82F0182BB92C007384B3 /* WebBrowser.xib */ = {isa = PBXFileReference; fileEncoding = 4; lastKnownFileType = file.xib; path = WebBrowser.xib; sourceTree = "<group>"; };
		6C3B82F2182BB92C007384B3 /* OutlineView.xib */ = {isa = PBXFileReference; fileEncoding = 4; lastKnownFileType = file.xib; path = OutlineView.xib; sourceTree = "<group>"; };
		6C3B82F3182BB92C007384B3 /* OutlineViewController.h */ = {isa = PBXFileReference; fileEncoding = 4; lastKnownFileType = sourcecode.c.h; path = OutlineViewController.h; sourceTree = "<group>"; };
		6C3B82F4182BB92C007384B3 /* OutlineViewController.m */ = {isa = PBXFileReference; fileEncoding = 4; lastKnownFileType = sourcecode.c.objc; path = OutlineViewController.m; sourceTree = "<group>"; };
		6C3B82F5182BB92C007384B3 /* OutlineViewControllerDelegate.h */ = {isa = PBXFileReference; fileEncoding = 4; lastKnownFileType = sourcecode.c.h; path = OutlineViewControllerDelegate.h; sourceTree = "<group>"; };
		6C3B82FB182BB92C007384B3 /* ReaderViewController.h */ = {isa = PBXFileReference; fileEncoding = 4; lastKnownFileType = sourcecode.c.h; path = ReaderViewController.h; sourceTree = "<group>"; };
		6C3B82FC182BB92C007384B3 /* ReaderViewController.m */ = {isa = PBXFileReference; fileEncoding = 4; lastKnownFileType = sourcecode.c.objc; path = ReaderViewController.m; sourceTree = "<group>"; };
		6C3B82FE182BB92C007384B3 /* MiniSearchView.h */ = {isa = PBXFileReference; fileEncoding = 4; lastKnownFileType = sourcecode.c.h; path = MiniSearchView.h; sourceTree = "<group>"; };
		6C3B82FF182BB92C007384B3 /* MiniSearchView.m */ = {isa = PBXFileReference; fileEncoding = 4; lastKnownFileType = sourcecode.c.objc; path = MiniSearchView.m; sourceTree = "<group>"; };
		6C3B8300182BB92C007384B3 /* MiniSearchViewControllerDelegate.h */ = {isa = PBXFileReference; fileEncoding = 4; lastKnownFileType = sourcecode.c.h; path = MiniSearchViewControllerDelegate.h; sourceTree = "<group>"; };
		6C3B8301182BB92C007384B3 /* NotificationFactory.h */ = {isa = PBXFileReference; fileEncoding = 4; lastKnownFileType = sourcecode.c.h; path = NotificationFactory.h; sourceTree = "<group>"; };
		6C3B8302182BB92C007384B3 /* NotificationFactory.m */ = {isa = PBXFileReference; fileEncoding = 4; lastKnownFileType = sourcecode.c.objc; path = NotificationFactory.m; sourceTree = "<group>"; };
		6C3B8303182BB92C007384B3 /* SearchManager.h */ = {isa = PBXFileReference; fileEncoding = 4; lastKnownFileType = sourcecode.c.h; path = SearchManager.h; sourceTree = "<group>"; };
		6C3B8304182BB92C007384B3 /* SearchManager.m */ = {isa = PBXFileReference; fileEncoding = 4; lastKnownFileType = sourcecode.c.objc; path = SearchManager.m; sourceTree = "<group>"; };
		6C3B8305182BB92C007384B3 /* SearchResultCellView.h */ = {isa = PBXFileReference; fileEncoding = 4; lastKnownFileType = sourcecode.c.h; path = SearchResultCellView.h; sourceTree = "<group>"; };
		6C3B8306182BB92C007384B3 /* SearchResultCellView.m */ = {isa = PBXFileReference; fileEncoding = 4; lastKnownFileType = sourcecode.c.objc; path = SearchResultCellView.m; sourceTree = "<group>"; };
		6C3B8307182BB92C007384B3 /* SearchResultDataSource.h */ = {isa = PBXFileReference; fileEncoding = 4; lastKnownFileType = sourcecode.c.h; path = SearchResultDataSource.h; sourceTree = "<group>"; };
		6C3B8308182BB92C007384B3 /* SearchResultView.h */ = {isa = PBXFileReference; fileEncoding = 4; lastKnownFileType = sourcecode.c.h; path = SearchResultView.h; sourceTree = "<group>"; };
		6C3B8309182BB92C007384B3 /* SearchResultView.m */ = {isa = PBXFileReference; fileEncoding = 4; lastKnownFileType = sourcecode.c.objc; path = SearchResultView.m; sourceTree = "<group>"; };
		6C3B830A182BB92C007384B3 /* SearchView2_pad.xib */ = {isa = PBXFileReference; fileEncoding = 4; lastKnownFileType = file.xib; path = SearchView2_pad.xib; sourceTree = "<group>"; };
		6C3B830B182BB92C007384B3 /* SearchView2_phone.xib */ = {isa = PBXFileReference; fileEncoding = 4; lastKnownFileType = file.xib; path = SearchView2_phone.xib; sourceTree = "<group>"; };
		6C3B830C182BB92C007384B3 /* SearchViewController.h */ = {isa = PBXFileReference; fileEncoding = 4; lastKnownFileType = sourcecode.c.h; path = SearchViewController.h; sourceTree = "<group>"; };
		6C3B830D182BB92C007384B3 /* SearchViewController.m */ = {isa = PBXFileReference; fileEncoding = 4; lastKnownFileType = sourcecode.c.objc; path = SearchViewController.m; sourceTree = "<group>"; };
		6C3B830E182BB92C007384B3 /* SearchViewControllerDelegate.h */ = {isa = PBXFileReference; fileEncoding = 4; lastKnownFileType = sourcecode.c.h; path = SearchViewControllerDelegate.h; sourceTree = "<group>"; };
		6C3B830F182BB92C007384B3 /* TextDisplayView.xib */ = {isa = PBXFileReference; fileEncoding = 4; lastKnownFileType = file.xib; path = TextDisplayView.xib; sourceTree = "<group>"; };
		6C3B8310182BB92C007384B3 /* TextDisplayViewController.h */ = {isa = PBXFileReference; fileEncoding = 4; lastKnownFileType = sourcecode.c.h; path = TextDisplayViewController.h; sourceTree = "<group>"; };
		6C3B8311182BB92C007384B3 /* TextDisplayViewController.m */ = {isa = PBXFileReference; fileEncoding = 4; lastKnownFileType = sourcecode.c.objc; path = TextDisplayViewController.m; sourceTree = "<group>"; };
		6C3B8312182BB92C007384B3 /* TextDisplayViewControllerDelegate.h */ = {isa = PBXFileReference; fileEncoding = 4; lastKnownFileType = sourcecode.c.h; path = TextDisplayViewControllerDelegate.h; sourceTree = "<group>"; };
		6C3B8313182BB92C007384B3 /* TextSearchOperation.h */ = {isa = PBXFileReference; fileEncoding = 4; lastKnownFileType = sourcecode.c.h; path = TextSearchOperation.h; sourceTree = "<group>"; };
		6C3B8314182BB92C007384B3 /* TextSearchOperation.m */ = {isa = PBXFileReference; fileEncoding = 4; lastKnownFileType = sourcecode.c.objc; path = TextSearchOperation.m; sourceTree = "<group>"; };
		6C3BDE2D183B7C6B00B707F3 /* FPKShared.framework */ = {isa = PBXFileReference; lastKnownFileType = wrapper.framework; path = FPKShared.framework; sourceTree = "<group>"; };
		6C3BDE2F183B7C6B00B707F3 /* FPKConfig.framework */ = {isa = PBXFileReference; lastKnownFileType = wrapper.framework; path = FPKConfig.framework; sourceTree = "<group>"; };
		6C3BDE31183B7C6B00B707F3 /* FPKGalleryFade.framework */ = {isa = PBXFileReference; lastKnownFileType = wrapper.framework; path = FPKGalleryFade.framework; sourceTree = "<group>"; };
		6C3BDE33183B7C6B00B707F3 /* FPKGallerySlide.framework */ = {isa = PBXFileReference; lastKnownFileType = wrapper.framework; path = FPKGallerySlide.framework; sourceTree = "<group>"; };
		6C3BDE37183B7C6B00B707F3 /* FPKImage.framework */ = {isa = PBXFileReference; lastKnownFileType = wrapper.framework; path = FPKImage.framework; sourceTree = "<group>"; };
		6C3BDE39183B7C6B00B707F3 /* FPKMap.framework */ = {isa = PBXFileReference; lastKnownFileType = wrapper.framework; path = FPKMap.framework; sourceTree = "<group>"; };
		6C3BDE3B183B7C6B00B707F3 /* FPKMessage.framework */ = {isa = PBXFileReference; lastKnownFileType = wrapper.framework; path = FPKMessage.framework; sourceTree = "<group>"; };
		6C3BDE3D183B7C6B00B707F3 /* fpkmessage-info.png */ = {isa = PBXFileReference; lastKnownFileType = image.png; path = "fpkmessage-info.png"; sourceTree = "<group>"; };
		6C551DFD18335E9200CD8187 /* trash@2x.png */ = {isa = PBXFileReference; lastKnownFileType = image.png; path = "trash@2x.png"; sourceTree = "<group>"; };
		6C551DFE18335E9200CD8187 /* trash.png */ = {isa = PBXFileReference; lastKnownFileType = image.png; path = trash.png; sourceTree = "<group>"; };
		6C551E01183362D700CD8187 /* trash-2.png */ = {isa = PBXFileReference; lastKnownFileType = image.png; path = "trash-2.png"; sourceTree = "<group>"; };
		6C551E02183362D700CD8187 /* trash-2@2x.png */ = {isa = PBXFileReference; lastKnownFileType = image.png; path = "trash-2@2x.png"; sourceTree = "<group>"; };
		6C5F83BE183E2A10008C38A0 /* FFCircularProgressView.h */ = {isa = PBXFileReference; fileEncoding = 4; lastKnownFileType = sourcecode.c.h; path = FFCircularProgressView.h; sourceTree = "<group>"; };
		6C5F83BF183E2A10008C38A0 /* FFCircularProgressView.m */ = {isa = PBXFileReference; fileEncoding = 4; lastKnownFileType = sourcecode.c.objc; path = FFCircularProgressView.m; sourceTree = "<group>"; };
		6C5F83C0183E2A10008C38A0 /* UIColor+iOS7.h */ = {isa = PBXFileReference; fileEncoding = 4; lastKnownFileType = sourcecode.c.h; path = "UIColor+iOS7.h"; sourceTree = "<group>"; };
		6C5F83C1183E2A10008C38A0 /* UIColor+iOS7.m */ = {isa = PBXFileReference; fileEncoding = 4; lastKnownFileType = sourcecode.c.objc; path = "UIColor+iOS7.m"; sourceTree = "<group>"; };
		6C6CAF22183B57BE0034349F /* MapKit.framework */ = {isa = PBXFileReference; lastKnownFileType = wrapper.framework; name = MapKit.framework; path = System/Library/Frameworks/MapKit.framework; sourceTree = SDKROOT; };
		6C79787F1844B70A00AA3C69 /* Parse.framework */ = {isa = PBXFileReference; lastKnownFileType = wrapper.framework; path = Parse.framework; sourceTree = "<group>"; };
		6C7978841844CAC800AA3C69 /* libFastPdfKit.a */ = {isa = PBXFileReference; lastKnownFileType = archive.ar; path = libFastPdfKit.a; sourceTree = "<group>"; };
		6C834ADE182D289200AB2CF7 /* ExtendNSLog.h */ = {isa = PBXFileReference; fileEncoding = 4; lastKnownFileType = sourcecode.c.h; path = ExtendNSLog.h; sourceTree = "<group>"; };
		6C834ADF182D289200AB2CF7 /* ExtendNSLog.m */ = {isa = PBXFileReference; fileEncoding = 4; lastKnownFileType = sourcecode.c.objc; path = ExtendNSLog.m; sourceTree = "<group>"; };
		6C834AE2182D2CA200AB2CF7 /* StoreManager.h */ = {isa = PBXFileReference; fileEncoding = 4; lastKnownFileType = sourcecode.c.h; path = StoreManager.h; sourceTree = "<group>"; };
		6C834AE3182D2CA200AB2CF7 /* StoreManager.m */ = {isa = PBXFileReference; fileEncoding = 4; lastKnownFileType = sourcecode.c.objc; path = StoreManager.m; sourceTree = "<group>"; };
		6C8A9C1D182CCE15002800C5 /* FPKReaderBundle.bundle */ = {isa = PBXFileReference; lastKnownFileType = "wrapper.plug-in"; path = FPKReaderBundle.bundle; sourceTree = "<group>"; };
		6CB1C18C1843C1DE00AB4883 /* FPKYouTube.h */ = {isa = PBXFileReference; fileEncoding = 4; lastKnownFileType = sourcecode.c.h; path = FPKYouTube.h; sourceTree = "<group>"; };
		6CB1C18D1843C1DE00AB4883 /* FPKYouTube.m */ = {isa = PBXFileReference; fileEncoding = 4; lastKnownFileType = sourcecode.c.objc; path = FPKYouTube.m; sourceTree = "<group>"; };
		6CB6B7E31828DD8A00CB9BC2 /* Images.xcassets */ = {isa = PBXFileReference; lastKnownFileType = folder.assetcatalog; path = Images.xcassets; sourceTree = "<group>"; };
		6CB6B7E51828E04800CB9BC2 /* icon@2x.png */ = {isa = PBXFileReference; lastKnownFileType = image.png; path = "icon@2x.png"; sourceTree = "<group>"; };
		6CB6B7E61828E04800CB9BC2 /* icon.png */ = {isa = PBXFileReference; lastKnownFileType = image.png; path = icon.png; sourceTree = "<group>"; };
		6CB95C2B1858418500DBDE93 /* FBMissingSymbols.m */ = {isa = PBXFileReference; fileEncoding = 4; lastKnownFileType = sourcecode.c.objc; path = FBMissingSymbols.m; sourceTree = "<group>"; };
		6CBC8C16184A2A0600234EA2 /* BorderImageView.h */ = {isa = PBXFileReference; fileEncoding = 4; lastKnownFileType = sourcecode.c.h; path = BorderImageView.h; sourceTree = "<group>"; };
		6CBC8C17184A2A0600234EA2 /* BorderImageView.m */ = {isa = PBXFileReference; fileEncoding = 4; lastKnownFileType = sourcecode.c.objc; path = BorderImageView.m; sourceTree = "<group>"; };
		6CBC8C18184A2A0600234EA2 /* FPKGalleryTap.h */ = {isa = PBXFileReference; fileEncoding = 4; lastKnownFileType = sourcecode.c.h; path = FPKGalleryTap.h; sourceTree = "<group>"; };
		6CBC8C19184A2A0600234EA2 /* FPKGalleryTap.m */ = {isa = PBXFileReference; fileEncoding = 4; lastKnownFileType = sourcecode.c.objc; path = FPKGalleryTap.m; sourceTree = "<group>"; };
		6CBC8C1A184A2A0600234EA2 /* TransitionImageView.h */ = {isa = PBXFileReference; fileEncoding = 4; lastKnownFileType = sourcecode.c.h; path = TransitionImageView.h; sourceTree = "<group>"; };
		6CBC8C1B184A2A0600234EA2 /* TransitionImageView.m */ = {isa = PBXFileReference; fileEncoding = 4; lastKnownFileType = sourcecode.c.objc; path = TransitionImageView.m; sourceTree = "<group>"; };
		6CCCD54C183B4D0F00DA742B /* FPKAnnotation.h */ = {isa = PBXFileReference; fileEncoding = 4; lastKnownFileType = sourcecode.c.h; path = FPKAnnotation.h; sourceTree = "<group>"; };
		6CCCD54D183B4D0F00DA742B /* FPKGlyphBox.h */ = {isa = PBXFileReference; fileEncoding = 4; lastKnownFileType = sourcecode.c.h; path = FPKGlyphBox.h; sourceTree = "<group>"; };
		6CCCD54E183B4D0F00DA742B /* FPKOverlayViewDataSource.h */ = {isa = PBXFileReference; fileEncoding = 4; lastKnownFileType = sourcecode.c.h; path = FPKOverlayViewDataSource.h; sourceTree = "<group>"; };
		6CCCD54F183B4D0F00DA742B /* FPKURIAnnotation.h */ = {isa = PBXFileReference; fileEncoding = 4; lastKnownFileType = sourcecode.c.h; path = FPKURIAnnotation.h; sourceTree = "<group>"; };
		6CCCD551183B4D0F00DA742B /* MFAudioPlayerViewProtocol.h */ = {isa = PBXFileReference; fileEncoding = 4; lastKnownFileType = sourcecode.c.h; path = MFAudioPlayerViewProtocol.h; sourceTree = "<group>"; };
		6CCCD552183B4D0F00DA742B /* MFAudioProvider.h */ = {isa = PBXFileReference; fileEncoding = 4; lastKnownFileType = sourcecode.c.h; path = MFAudioProvider.h; sourceTree = "<group>"; };
		6CCCD553183B4D0F00DA742B /* MFDocumentManager.h */ = {isa = PBXFileReference; fileEncoding = 4; lastKnownFileType = sourcecode.c.h; path = MFDocumentManager.h; sourceTree = "<group>"; };
		6CCCD554183B4D0F00DA742B /* MFDocumentOverlayDataSource.h */ = {isa = PBXFileReference; fileEncoding = 4; lastKnownFileType = sourcecode.c.h; path = MFDocumentOverlayDataSource.h; sourceTree = "<group>"; };
		6CCCD555183B4D0F00DA742B /* MFDocumentViewController.h */ = {isa = PBXFileReference; fileEncoding = 4; lastKnownFileType = sourcecode.c.h; path = MFDocumentViewController.h; sourceTree = "<group>"; };
		6CCCD556183B4D0F00DA742B /* MFDocumentViewControllerDelegate.h */ = {isa = PBXFileReference; fileEncoding = 4; lastKnownFileType = sourcecode.c.h; path = MFDocumentViewControllerDelegate.h; sourceTree = "<group>"; };
		6CCCD557183B4D0F00DA742B /* MFFPKAnnotation.h */ = {isa = PBXFileReference; fileEncoding = 4; lastKnownFileType = sourcecode.c.h; path = MFFPKAnnotation.h; sourceTree = "<group>"; };
		6CCCD558183B4D0F00DA742B /* MFOverlayDrawable.h */ = {isa = PBXFileReference; fileEncoding = 4; lastKnownFileType = sourcecode.c.h; path = MFOverlayDrawable.h; sourceTree = "<group>"; };
		6CCCD559183B4D0F00DA742B /* MFOverlayTouchable.h */ = {isa = PBXFileReference; fileEncoding = 4; lastKnownFileType = sourcecode.c.h; path = MFOverlayTouchable.h; sourceTree = "<group>"; };
		6CCCD55A183B4D0F00DA742B /* MFPDFOutlineEntry.h */ = {isa = PBXFileReference; fileEncoding = 4; lastKnownFileType = sourcecode.c.h; path = MFPDFOutlineEntry.h; sourceTree = "<group>"; };
		6CCCD55B183B4D0F00DA742B /* MFPDFOutlineRemoteEntry.h */ = {isa = PBXFileReference; fileEncoding = 4; lastKnownFileType = sourcecode.c.h; path = MFPDFOutlineRemoteEntry.h; sourceTree = "<group>"; };
		6CCCD55C183B4D0F00DA742B /* mfprofile.h */ = {isa = PBXFileReference; fileEncoding = 4; lastKnownFileType = sourcecode.c.h; path = mfprofile.h; sourceTree = "<group>"; };
		6CCCD55D183B4D0F00DA742B /* MFTextItem.h */ = {isa = PBXFileReference; fileEncoding = 4; lastKnownFileType = sourcecode.c.h; path = MFTextItem.h; sourceTree = "<group>"; };
		6CCCD55F183B4D0F00DA742B /* Courier-Bold.fpkfm */ = {isa = PBXFileReference; fileEncoding = 4; lastKnownFileType = text; path = "Courier-Bold.fpkfm"; sourceTree = "<group>"; };
		6CCCD560183B4D0F00DA742B /* Courier-BoldOblique.fpkfm */ = {isa = PBXFileReference; fileEncoding = 4; lastKnownFileType = text; path = "Courier-BoldOblique.fpkfm"; sourceTree = "<group>"; };
		6CCCD561183B4D0F00DA742B /* Courier-Oblique.fpkfm */ = {isa = PBXFileReference; fileEncoding = 4; lastKnownFileType = text; path = "Courier-Oblique.fpkfm"; sourceTree = "<group>"; };
		6CCCD562183B4D0F00DA742B /* Courier.fpkfm */ = {isa = PBXFileReference; fileEncoding = 4; lastKnownFileType = text; path = Courier.fpkfm; sourceTree = "<group>"; };
		6CCCD563183B4D0F00DA742B /* Helvetica-Bold.fpkfm */ = {isa = PBXFileReference; fileEncoding = 4; lastKnownFileType = text; path = "Helvetica-Bold.fpkfm"; sourceTree = "<group>"; };
		6CCCD564183B4D0F00DA742B /* Helvetica-BoldOblique.fpkfm */ = {isa = PBXFileReference; fileEncoding = 4; lastKnownFileType = text; path = "Helvetica-BoldOblique.fpkfm"; sourceTree = "<group>"; };
		6CCCD565183B4D0F00DA742B /* Helvetica-Oblique.fpkfm */ = {isa = PBXFileReference; fileEncoding = 4; lastKnownFileType = text; path = "Helvetica-Oblique.fpkfm"; sourceTree = "<group>"; };
		6CCCD566183B4D0F00DA742B /* Helvetica.fpkfm */ = {isa = PBXFileReference; fileEncoding = 4; lastKnownFileType = text; path = Helvetica.fpkfm; sourceTree = "<group>"; };
		6CCCD567183B4D0F00DA742B /* Times-Bold.fpkfm */ = {isa = PBXFileReference; fileEncoding = 4; lastKnownFileType = text; path = "Times-Bold.fpkfm"; sourceTree = "<group>"; };
		6CCCD568183B4D0F00DA742B /* Times-BoldItalic.fpkfm */ = {isa = PBXFileReference; fileEncoding = 4; lastKnownFileType = text; path = "Times-BoldItalic.fpkfm"; sourceTree = "<group>"; };
		6CCCD569183B4D0F00DA742B /* Times-Italic.fpkfm */ = {isa = PBXFileReference; fileEncoding = 4; lastKnownFileType = text; path = "Times-Italic.fpkfm"; sourceTree = "<group>"; };
		6CCCD56A183B4D0F00DA742B /* Times-Roman.fpkfm */ = {isa = PBXFileReference; fileEncoding = 4; lastKnownFileType = text; path = "Times-Roman.fpkfm"; sourceTree = "<group>"; };
		6CCCD56B183B4D0F00DA742B /* Stuff.h */ = {isa = PBXFileReference; fileEncoding = 4; lastKnownFileType = sourcecode.c.h; path = Stuff.h; sourceTree = "<group>"; };
		6CD20BA3185852C20068A2EA /* DDPageControl.h */ = {isa = PBXFileReference; fileEncoding = 4; lastKnownFileType = sourcecode.c.h; path = DDPageControl.h; sourceTree = "<group>"; };
		6CD20BA4185852C20068A2EA /* DDPageControl.m */ = {isa = PBXFileReference; fileEncoding = 4; lastKnownFileType = sourcecode.c.objc; path = DDPageControl.m; sourceTree = "<group>"; };
		6CD20BA5185852C20068A2EA /* DDSocialDialog.h */ = {isa = PBXFileReference; fileEncoding = 4; lastKnownFileType = sourcecode.c.h; path = DDSocialDialog.h; sourceTree = "<group>"; };
		6CD20BA6185852C20068A2EA /* DDSocialDialog.m */ = {isa = PBXFileReference; fileEncoding = 4; lastKnownFileType = sourcecode.c.objc; path = DDSocialDialog.m; sourceTree = "<group>"; };
		6CDB07CE181E46D50048BF65 /* probmxmag.app */ = {isa = PBXFileReference; explicitFileType = wrapper.application; includeInIndex = 0; path = probmxmag.app; sourceTree = BUILT_PRODUCTS_DIR; };
		6CDB07D1181E46D50048BF65 /* Foundation.framework */ = {isa = PBXFileReference; lastKnownFileType = wrapper.framework; name = Foundation.framework; path = System/Library/Frameworks/Foundation.framework; sourceTree = SDKROOT; };
		6CDB07D3181E46D50048BF65 /* CoreGraphics.framework */ = {isa = PBXFileReference; lastKnownFileType = wrapper.framework; name = CoreGraphics.framework; path = System/Library/Frameworks/CoreGraphics.framework; sourceTree = SDKROOT; };
		6CDB07D5181E46D50048BF65 /* UIKit.framework */ = {isa = PBXFileReference; lastKnownFileType = wrapper.framework; name = UIKit.framework; path = System/Library/Frameworks/UIKit.framework; sourceTree = SDKROOT; };
		6CDB07D9181E46D50048BF65 /* probmxmag-Info.plist */ = {isa = PBXFileReference; lastKnownFileType = text.plist.xml; path = "probmxmag-Info.plist"; sourceTree = "<group>"; };
		6CDB07DB181E46D50048BF65 /* en */ = {isa = PBXFileReference; lastKnownFileType = text.plist.strings; name = en; path = en.lproj/InfoPlist.strings; sourceTree = "<group>"; };
		6CDB07DD181E46D50048BF65 /* main.m */ = {isa = PBXFileReference; lastKnownFileType = sourcecode.c.objc; path = main.m; sourceTree = "<group>"; };
		6CDB07DF181E46D50048BF65 /* probmxmag-Prefix.pch */ = {isa = PBXFileReference; lastKnownFileType = sourcecode.c.h; path = "probmxmag-Prefix.pch"; sourceTree = "<group>"; };
		6CDB07E0181E46D50048BF65 /* AppDelegate.h */ = {isa = PBXFileReference; lastKnownFileType = sourcecode.c.h; path = AppDelegate.h; sourceTree = "<group>"; };
		6CDB07E1181E46D50048BF65 /* AppDelegate.m */ = {isa = PBXFileReference; lastKnownFileType = sourcecode.c.objc; path = AppDelegate.m; sourceTree = "<group>"; };
		6CDB07E4181E46D50048BF65 /* Base */ = {isa = PBXFileReference; lastKnownFileType = file.storyboard; name = Base; path = Base.lproj/Main_iPhone.storyboard; sourceTree = "<group>"; };
		6CDB07E7181E46D50048BF65 /* Base */ = {isa = PBXFileReference; lastKnownFileType = file.storyboard; name = Base; path = Base.lproj/Main_iPad.storyboard; sourceTree = "<group>"; };
		6CDB07F2181E46D60048BF65 /* probmxmagTests.xctest */ = {isa = PBXFileReference; explicitFileType = wrapper.cfbundle; includeInIndex = 0; path = probmxmagTests.xctest; sourceTree = BUILT_PRODUCTS_DIR; };
		6CDB07F3181E46D60048BF65 /* XCTest.framework */ = {isa = PBXFileReference; lastKnownFileType = wrapper.framework; name = XCTest.framework; path = Library/Frameworks/XCTest.framework; sourceTree = DEVELOPER_DIR; };
		6CDB07FB181E46D60048BF65 /* probmxmagTests-Info.plist */ = {isa = PBXFileReference; lastKnownFileType = text.plist.xml; path = "probmxmagTests-Info.plist"; sourceTree = "<group>"; };
		6CDB07FD181E46D60048BF65 /* en */ = {isa = PBXFileReference; lastKnownFileType = text.plist.strings; name = en; path = en.lproj/InfoPlist.strings; sourceTree = "<group>"; };
		6CDB07FF181E46D60048BF65 /* probmxmagTests.m */ = {isa = PBXFileReference; lastKnownFileType = sourcecode.c.objc; path = probmxmagTests.m; sourceTree = "<group>"; };
		6CDB0809181E47200048BF65 /* StoreKit.framework */ = {isa = PBXFileReference; lastKnownFileType = wrapper.framework; name = StoreKit.framework; path = System/Library/Frameworks/StoreKit.framework; sourceTree = SDKROOT; };
		6CDB080E181E4BC20048BF65 /* HeaderImageView.h */ = {isa = PBXFileReference; fileEncoding = 4; lastKnownFileType = sourcecode.c.h; path = HeaderImageView.h; sourceTree = "<group>"; };
		6CDB080F181E4BC20048BF65 /* HeaderImageView.m */ = {isa = PBXFileReference; fileEncoding = 4; lastKnownFileType = sourcecode.c.objc; path = HeaderImageView.m; sourceTree = "<group>"; };
		6CDB0814181E4FA80048BF65 /* MainViewController.h */ = {isa = PBXFileReference; fileEncoding = 4; lastKnownFileType = sourcecode.c.h; path = MainViewController.h; sourceTree = "<group>"; };
		6CDB0815181E4FA80048BF65 /* MainViewController.m */ = {isa = PBXFileReference; fileEncoding = 4; lastKnownFileType = sourcecode.c.objc; path = MainViewController.m; sourceTree = "<group>"; };
		6CDB0818181E519D0048BF65 /* background.png */ = {isa = PBXFileReference; lastKnownFileType = image.png; path = background.png; sourceTree = "<group>"; };
		6CDB0819181E519D0048BF65 /* background@2x.png */ = {isa = PBXFileReference; lastKnownFileType = image.png; path = "background@2x.png"; sourceTree = "<group>"; };
		6CDB081C181E74FF0048BF65 /* IssueCell.h */ = {isa = PBXFileReference; fileEncoding = 4; lastKnownFileType = sourcecode.c.h; path = IssueCell.h; sourceTree = "<group>"; };
		6CDB081D181E74FF0048BF65 /* IssueCell.m */ = {isa = PBXFileReference; fileEncoding = 4; lastKnownFileType = sourcecode.c.objc; path = IssueCell.m; sourceTree = "<group>"; };
		6CDB081F181E76670048BF65 /* NewsstandKit.framework */ = {isa = PBXFileReference; lastKnownFileType = wrapper.framework; name = NewsstandKit.framework; path = System/Library/Frameworks/NewsstandKit.framework; sourceTree = SDKROOT; };
		6CDB0821181E76790048BF65 /* MediaPlayer.framework */ = {isa = PBXFileReference; lastKnownFileType = wrapper.framework; name = MediaPlayer.framework; path = System/Library/Frameworks/MediaPlayer.framework; sourceTree = SDKROOT; };
		6CDB0823181E76830048BF65 /* CoreText.framework */ = {isa = PBXFileReference; lastKnownFileType = wrapper.framework; name = CoreText.framework; path = System/Library/Frameworks/CoreText.framework; sourceTree = SDKROOT; };
		6CDB0825181E768D0048BF65 /* QuartzCore.framework */ = {isa = PBXFileReference; lastKnownFileType = wrapper.framework; name = QuartzCore.framework; path = System/Library/Frameworks/QuartzCore.framework; sourceTree = SDKROOT; };
		6CDB0827181E76960048BF65 /* AVFoundation.framework */ = {isa = PBXFileReference; lastKnownFileType = wrapper.framework; name = AVFoundation.framework; path = System/Library/Frameworks/AVFoundation.framework; sourceTree = SDKROOT; };
		6CDB0829181E76A80048BF65 /* AudioToolbox.framework */ = {isa = PBXFileReference; lastKnownFileType = wrapper.framework; name = AudioToolbox.framework; path = System/Library/Frameworks/AudioToolbox.framework; sourceTree = SDKROOT; };
		6CDB082B181E76C80048BF65 /* CoreLocation.framework */ = {isa = PBXFileReference; lastKnownFileType = wrapper.framework; name = CoreLocation.framework; path = System/Library/Frameworks/CoreLocation.framework; sourceTree = SDKROOT; };
		6CDB082C181E76C80048BF65 /* CoreTelephony.framework */ = {isa = PBXFileReference; lastKnownFileType = wrapper.framework; name = CoreTelephony.framework; path = System/Library/Frameworks/CoreTelephony.framework; sourceTree = SDKROOT; };
		6CDB082F181E76D90048BF65 /* libz.dylib */ = {isa = PBXFileReference; lastKnownFileType = "compiled.mach-o.dylib"; name = libz.dylib; path = usr/lib/libz.dylib; sourceTree = SDKROOT; };
		6CDB0831181E76E30048BF65 /* libsqlite3.0.dylib */ = {isa = PBXFileReference; lastKnownFileType = "compiled.mach-o.dylib"; name = libsqlite3.0.dylib; path = usr/lib/libsqlite3.0.dylib; sourceTree = SDKROOT; };
		6CDB0833181E76ED0048BF65 /* Security.framework */ = {isa = PBXFileReference; lastKnownFileType = wrapper.framework; name = Security.framework; path = System/Library/Frameworks/Security.framework; sourceTree = SDKROOT; };
		6CDB0835181E77000048BF65 /* CFNetwork.framework */ = {isa = PBXFileReference; lastKnownFileType = wrapper.framework; name = CFNetwork.framework; path = System/Library/Frameworks/CFNetwork.framework; sourceTree = SDKROOT; };
		6CDB0837181E77100048BF65 /* MobileCoreServices.framework */ = {isa = PBXFileReference; lastKnownFileType = wrapper.framework; name = MobileCoreServices.framework; path = System/Library/Frameworks/MobileCoreServices.framework; sourceTree = SDKROOT; };
		6CDB0839181E77260048BF65 /* SystemConfiguration.framework */ = {isa = PBXFileReference; lastKnownFileType = wrapper.framework; name = SystemConfiguration.framework; path = System/Library/Frameworks/SystemConfiguration.framework; sourceTree = SDKROOT; };
		6CDB083B181E7A5C0048BF65 /* settings.png */ = {isa = PBXFileReference; lastKnownFileType = image.png; path = settings.png; sourceTree = "<group>"; };
		6CDB083C181E7A5C0048BF65 /* settings@2x.png */ = {isa = PBXFileReference; lastKnownFileType = image.png; path = "settings@2x.png"; sourceTree = "<group>"; };
		6CDB0850181EDDEE0048BF65 /* Publisher.h */ = {isa = PBXFileReference; fileEncoding = 4; lastKnownFileType = sourcecode.c.h; path = Publisher.h; sourceTree = "<group>"; };
		6CDB0851181EDDEE0048BF65 /* Publisher.m */ = {isa = PBXFileReference; fileEncoding = 4; lastKnownFileType = sourcecode.c.objc; path = Publisher.m; sourceTree = "<group>"; };
		6CDB0857181EE5480048BF65 /* NewsstandDownloader.h */ = {isa = PBXFileReference; fileEncoding = 4; lastKnownFileType = sourcecode.c.h; path = NewsstandDownloader.h; sourceTree = "<group>"; };
		6CDB0858181EE5480048BF65 /* NewsstandDownloader.m */ = {isa = PBXFileReference; fileEncoding = 4; lastKnownFileType = sourcecode.c.objc; path = NewsstandDownloader.m; sourceTree = "<group>"; };
		6CEA7B461833582900ECE4C1 /* MessageUI.framework */ = {isa = PBXFileReference; lastKnownFileType = wrapper.framework; name = MessageUI.framework; path = System/Library/Frameworks/MessageUI.framework; sourceTree = SDKROOT; };
		6CEDAB11183B820400EB1051 /* OverlayManager.m */ = {isa = PBXFileReference; fileEncoding = 4; lastKnownFileType = sourcecode.c.objc; path = OverlayManager.m; sourceTree = "<group>"; };
		6CEDAB12183B820400EB1051 /* OverlayManager.h */ = {isa = PBXFileReference; fileEncoding = 4; lastKnownFileType = sourcecode.c.h; path = OverlayManager.h; sourceTree = "<group>"; };
/* End PBXFileReference section */

/* Begin PBXFrameworksBuildPhase section */
		6CDB07CB181E46D50048BF65 /* Frameworks */ = {
			isa = PBXFrameworksBuildPhase;
			buildActionMask = 2147483647;
			files = (
				6C6CAF23183B57BE0034349F /* MapKit.framework in Frameworks */,
				6C3BDE49183B7C6C00B707F3 /* FPKImage.framework in Frameworks */,
				6C7978801844B70A00AA3C69 /* Parse.framework in Frameworks */,
				6CDB07D4181E46D50048BF65 /* CoreGraphics.framework in Frameworks */,
				6CDB083A181E77260048BF65 /* SystemConfiguration.framework in Frameworks */,
				6CDB0838181E77100048BF65 /* MobileCoreServices.framework in Frameworks */,
				6C3BDE4A183B7C6C00B707F3 /* FPKMap.framework in Frameworks */,
				6C7978861844CAEA00AA3C69 /* libFastPdfKit.a in Frameworks */,
				6CDB0836181E77000048BF65 /* CFNetwork.framework in Frameworks */,
				6C3BDE45183B7C6B00B707F3 /* FPKConfig.framework in Frameworks */,
				6C3BDE47183B7C6C00B707F3 /* FPKGallerySlide.framework in Frameworks */,
				6CDB080A181E47200048BF65 /* StoreKit.framework in Frameworks */,
				6CDB0834181E76ED0048BF65 /* Security.framework in Frameworks */,
				6CDB0832181E76E30048BF65 /* libsqlite3.0.dylib in Frameworks */,
				6CDB0830181E76D90048BF65 /* libz.dylib in Frameworks */,
				6CDB082D181E76C80048BF65 /* CoreLocation.framework in Frameworks */,
				6CDB082E181E76C80048BF65 /* CoreTelephony.framework in Frameworks */,
				6CDB082A181E76A80048BF65 /* AudioToolbox.framework in Frameworks */,
				6CDB0828181E76960048BF65 /* AVFoundation.framework in Frameworks */,
				6CDB0826181E768D0048BF65 /* QuartzCore.framework in Frameworks */,
				6C3BDE46183B7C6C00B707F3 /* FPKGalleryFade.framework in Frameworks */,
				6CDB0824181E76830048BF65 /* CoreText.framework in Frameworks */,
				6CDB0822181E76790048BF65 /* MediaPlayer.framework in Frameworks */,
				6CDB0820181E76670048BF65 /* NewsstandKit.framework in Frameworks */,
				6CDB07D6181E46D50048BF65 /* UIKit.framework in Frameworks */,
				6CDB07D2181E46D50048BF65 /* Foundation.framework in Frameworks */,
				6C3BDE4B183B7C6D00B707F3 /* FPKMessage.framework in Frameworks */,
				6C3BDE44183B7C6B00B707F3 /* FPKShared.framework in Frameworks */,
			);
			runOnlyForDeploymentPostprocessing = 0;
		};
		6CDB07EF181E46D60048BF65 /* Frameworks */ = {
			isa = PBXFrameworksBuildPhase;
			buildActionMask = 2147483647;
			files = (
				6CDB07F4181E46D60048BF65 /* XCTest.framework in Frameworks */,
				6CDB07F6181E46D60048BF65 /* UIKit.framework in Frameworks */,
				6CDB07F5181E46D60048BF65 /* Foundation.framework in Frameworks */,
			);
			runOnlyForDeploymentPostprocessing = 0;
		};
/* End PBXFrameworksBuildPhase section */

/* Begin PBXGroup section */
		6C3B82A5182BB85D007384B3 /* XMLParser */ = {
			isa = PBXGroup;
			children = (
				6C3B82A6182BB85D007384B3 /* XMLParser.h */,
				6C3B82A7182BB85D007384B3 /* XMLParser.m */,
			);
			path = XMLParser;
			sourceTree = "<group>";
		};
		6C3B82A9182BB8E2007384B3 /* ThirdParty */ = {
			isa = PBXGroup;
			children = (
				6C5F83BD183E2A10008C38A0 /* FFCircularProgressView */,
				6C834ADE182D289200AB2CF7 /* ExtendNSLog.h */,
				6C834ADF182D289200AB2CF7 /* ExtendNSLog.m */,
				6C3B82AA182BB8E2007384B3 /* Reachability.h */,
				6C3B82AB182BB8E3007384B3 /* Reachability.m */,
				6C3B82AC182BB8E3007384B3 /* SSZipArchive */,
			);
			path = ThirdParty;
			sourceTree = "<group>";
		};
		6C3B82AC182BB8E3007384B3 /* SSZipArchive */ = {
			isa = PBXGroup;
			children = (
				6C3B82AD182BB8E3007384B3 /* minizip */,
				6C3B82B7182BB8E3007384B3 /* SSZipArchive.h */,
				6C3B82B8182BB8E3007384B3 /* SSZipArchive.m */,
			);
			path = SSZipArchive;
			sourceTree = "<group>";
		};
		6C3B82AD182BB8E3007384B3 /* minizip */ = {
			isa = PBXGroup;
			children = (
				6C3B82AE182BB8E3007384B3 /* crypt.h */,
				6C3B82AF182BB8E3007384B3 /* ioapi.c */,
				6C3B82B0182BB8E3007384B3 /* ioapi.h */,
				6C3B82B1182BB8E3007384B3 /* mztools.c */,
				6C3B82B2182BB8E3007384B3 /* mztools.h */,
				6C3B82B3182BB8E3007384B3 /* unzip.c */,
				6C3B82B4182BB8E3007384B3 /* unzip.h */,
				6C3B82B5182BB8E3007384B3 /* zip.c */,
				6C3B82B6182BB8E3007384B3 /* zip.h */,
			);
			path = minizip;
			sourceTree = "<group>";
		};
		6C3B82BF182BB92B007384B3 /* FastPdfKit */ = {
			isa = PBXGroup;
			children = (
				6CEDAB12183B820400EB1051 /* OverlayManager.h */,
				6CEDAB11183B820400EB1051 /* OverlayManager.m */,
				6CCCD54B183B4D0F00DA742B /* FPKCore */,
				6C529540183B3D98003159A6 /* Extensions */,
				6C8A9C1D182CCE15002800C5 /* FPKReaderBundle.bundle */,
				6C3B82C0182BB92B007384B3 /* Bookmarks */,
				6C3B82E8182BB92C007384B3 /* Multimedia */,
				6C3B82F1182BB92C007384B3 /* Outline */,
				6C3B82FD182BB92C007384B3 /* TextSearch */,
				6C3B82FB182BB92C007384B3 /* ReaderViewController.h */,
				6C3B82FC182BB92C007384B3 /* ReaderViewController.m */,
			);
			path = FastPdfKit;
			sourceTree = "<group>";
		};
		6C3B82C0182BB92B007384B3 /* Bookmarks */ = {
			isa = PBXGroup;
			children = (
				6C3B82C1182BB92B007384B3 /* BookmarkView.xib */,
				6C3B82C2182BB92B007384B3 /* BookmarkViewController.h */,
				6C3B82C3182BB92B007384B3 /* BookmarkViewController.m */,
				6C3B82C4182BB92B007384B3 /* BookmarkViewControllerDelegate.h */,
			);
			path = Bookmarks;
			sourceTree = "<group>";
		};
		6C3B82E8182BB92C007384B3 /* Multimedia */ = {
			isa = PBXGroup;
			children = (
				6C3B82E9182BB92C007384B3 /* AudioViewController.h */,
				6C3B82EA182BB92C007384B3 /* AudioViewController.m */,
				6C3B82EB182BB92C007384B3 /* AudioViewController.xib */,
				6C3B82EC182BB92C007384B3 /* MFAudioPlayerViewImpl.h */,
				6C3B82ED182BB92C007384B3 /* MFAudioPlayerViewImpl.m */,
				6C3B82EE182BB92C007384B3 /* WebBrowser.h */,
				6C3B82EF182BB92C007384B3 /* WebBrowser.m */,
				6C3B82F0182BB92C007384B3 /* WebBrowser.xib */,
			);
			path = Multimedia;
			sourceTree = "<group>";
		};
		6C3B82F1182BB92C007384B3 /* Outline */ = {
			isa = PBXGroup;
			children = (
				6C3B82F2182BB92C007384B3 /* OutlineView.xib */,
				6C3B82F3182BB92C007384B3 /* OutlineViewController.h */,
				6C3B82F4182BB92C007384B3 /* OutlineViewController.m */,
				6C3B82F5182BB92C007384B3 /* OutlineViewControllerDelegate.h */,
			);
			path = Outline;
			sourceTree = "<group>";
		};
		6C3B82FD182BB92C007384B3 /* TextSearch */ = {
			isa = PBXGroup;
			children = (
				6C3B82FE182BB92C007384B3 /* MiniSearchView.h */,
				6C3B82FF182BB92C007384B3 /* MiniSearchView.m */,
				6C3B8300182BB92C007384B3 /* MiniSearchViewControllerDelegate.h */,
				6C3B8301182BB92C007384B3 /* NotificationFactory.h */,
				6C3B8302182BB92C007384B3 /* NotificationFactory.m */,
				6C3B8303182BB92C007384B3 /* SearchManager.h */,
				6C3B8304182BB92C007384B3 /* SearchManager.m */,
				6C3B8305182BB92C007384B3 /* SearchResultCellView.h */,
				6C3B8306182BB92C007384B3 /* SearchResultCellView.m */,
				6C3B8307182BB92C007384B3 /* SearchResultDataSource.h */,
				6C3B8308182BB92C007384B3 /* SearchResultView.h */,
				6C3B8309182BB92C007384B3 /* SearchResultView.m */,
				6C3B830A182BB92C007384B3 /* SearchView2_pad.xib */,
				6C3B830B182BB92C007384B3 /* SearchView2_phone.xib */,
				6C3B830C182BB92C007384B3 /* SearchViewController.h */,
				6C3B830D182BB92C007384B3 /* SearchViewController.m */,
				6C3B830E182BB92C007384B3 /* SearchViewControllerDelegate.h */,
				6C3B830F182BB92C007384B3 /* TextDisplayView.xib */,
				6C3B8310182BB92C007384B3 /* TextDisplayViewController.h */,
				6C3B8311182BB92C007384B3 /* TextDisplayViewController.m */,
				6C3B8312182BB92C007384B3 /* TextDisplayViewControllerDelegate.h */,
				6C3B8313182BB92C007384B3 /* TextSearchOperation.h */,
				6C3B8314182BB92C007384B3 /* TextSearchOperation.m */,
			);
			path = TextSearch;
			sourceTree = "<group>";
		};
		6C3BDE2C183B7C6B00B707F3 /* FPKShared.embeddedframework */ = {
			isa = PBXGroup;
			children = (
				6C3BDE2D183B7C6B00B707F3 /* FPKShared.framework */,
			);
			path = FPKShared.embeddedframework;
			sourceTree = "<group>";
		};
		6C3BDE2E183B7C6B00B707F3 /* FPKConfig.embeddedframework */ = {
			isa = PBXGroup;
			children = (
				6C3BDE2F183B7C6B00B707F3 /* FPKConfig.framework */,
			);
			path = FPKConfig.embeddedframework;
			sourceTree = "<group>";
		};
		6C3BDE30183B7C6B00B707F3 /* FPKGalleryFade.embeddedframework */ = {
			isa = PBXGroup;
			children = (
				6C3BDE31183B7C6B00B707F3 /* FPKGalleryFade.framework */,
			);
			path = FPKGalleryFade.embeddedframework;
			sourceTree = "<group>";
		};
		6C3BDE32183B7C6B00B707F3 /* FPKGallerySlide.embeddedframework */ = {
			isa = PBXGroup;
			children = (
				6C3BDE33183B7C6B00B707F3 /* FPKGallerySlide.framework */,
			);
			path = FPKGallerySlide.embeddedframework;
			sourceTree = "<group>";
		};
		6C3BDE36183B7C6B00B707F3 /* FPKImage.embeddedframework */ = {
			isa = PBXGroup;
			children = (
				6C3BDE37183B7C6B00B707F3 /* FPKImage.framework */,
			);
			path = FPKImage.embeddedframework;
			sourceTree = "<group>";
		};
		6C3BDE38183B7C6B00B707F3 /* FPKMap.embeddedframework */ = {
			isa = PBXGroup;
			children = (
				6C3BDE39183B7C6B00B707F3 /* FPKMap.framework */,
			);
			path = FPKMap.embeddedframework;
			sourceTree = "<group>";
		};
		6C3BDE3A183B7C6B00B707F3 /* FPKMessage.embeddedframework */ = {
			isa = PBXGroup;
			children = (
				6C3BDE3B183B7C6B00B707F3 /* FPKMessage.framework */,
				6C3BDE3C183B7C6B00B707F3 /* Resources */,
			);
			path = FPKMessage.embeddedframework;
			sourceTree = "<group>";
		};
		6C3BDE3C183B7C6B00B707F3 /* Resources */ = {
			isa = PBXGroup;
			children = (
				6C3BDE3D183B7C6B00B707F3 /* fpkmessage-info.png */,
			);
			path = Resources;
			sourceTree = "<group>";
		};
		6C529540183B3D98003159A6 /* Extensions */ = {
			isa = PBXGroup;
			children = (
				6CD20BA1185852C20068A2EA /* Common */,
				6CBC8C14184A2A0600234EA2 /* FPKGalleryTap */,
				6CB1C18A1843C1DE00AB4883 /* FPKYouTube */,
				6C3BDE2C183B7C6B00B707F3 /* FPKShared.embeddedframework */,
				6C3BDE2E183B7C6B00B707F3 /* FPKConfig.embeddedframework */,
				6C3BDE30183B7C6B00B707F3 /* FPKGalleryFade.embeddedframework */,
				6C3BDE32183B7C6B00B707F3 /* FPKGallerySlide.embeddedframework */,
				6C3BDE36183B7C6B00B707F3 /* FPKImage.embeddedframework */,
				6C3BDE38183B7C6B00B707F3 /* FPKMap.embeddedframework */,
				6C3BDE3A183B7C6B00B707F3 /* FPKMessage.embeddedframework */,
			);
			path = Extensions;
			sourceTree = "<group>";
		};
		6C5F83BD183E2A10008C38A0 /* FFCircularProgressView */ = {
			isa = PBXGroup;
			children = (
				6C5F83BE183E2A10008C38A0 /* FFCircularProgressView.h */,
				6C5F83BF183E2A10008C38A0 /* FFCircularProgressView.m */,
				6C5F83C0183E2A10008C38A0 /* UIColor+iOS7.h */,
				6C5F83C1183E2A10008C38A0 /* UIColor+iOS7.m */,
			);
			path = FFCircularProgressView;
			sourceTree = "<group>";
		};
		6C834AE1182D2CA200AB2CF7 /* StoreManager */ = {
			isa = PBXGroup;
			children = (
				6C834AE2182D2CA200AB2CF7 /* StoreManager.h */,
				6C834AE3182D2CA200AB2CF7 /* StoreManager.m */,
			);
			path = StoreManager;
			sourceTree = "<group>";
		};
		6CB1C18A1843C1DE00AB4883 /* FPKYouTube */ = {
			isa = PBXGroup;
			children = (
				6CB1C18B1843C1DE00AB4883 /* Classes */,
			);
			path = FPKYouTube;
			sourceTree = "<group>";
		};
		6CB1C18B1843C1DE00AB4883 /* Classes */ = {
			isa = PBXGroup;
			children = (
				6CB1C18C1843C1DE00AB4883 /* FPKYouTube.h */,
				6CB1C18D1843C1DE00AB4883 /* FPKYouTube.m */,
			);
			path = Classes;
			sourceTree = "<group>";
		};
		6CBC8C14184A2A0600234EA2 /* FPKGalleryTap */ = {
			isa = PBXGroup;
			children = (
				6CBC8C15184A2A0600234EA2 /* Classes */,
			);
			path = FPKGalleryTap;
			sourceTree = "<group>";
		};
		6CBC8C15184A2A0600234EA2 /* Classes */ = {
			isa = PBXGroup;
			children = (
				6CBC8C16184A2A0600234EA2 /* BorderImageView.h */,
				6CBC8C17184A2A0600234EA2 /* BorderImageView.m */,
				6CBC8C18184A2A0600234EA2 /* FPKGalleryTap.h */,
				6CBC8C19184A2A0600234EA2 /* FPKGalleryTap.m */,
				6CBC8C1A184A2A0600234EA2 /* TransitionImageView.h */,
				6CBC8C1B184A2A0600234EA2 /* TransitionImageView.m */,
			);
			path = Classes;
			sourceTree = "<group>";
		};
		6CCCD54B183B4D0F00DA742B /* FPKCore */ = {
			isa = PBXGroup;
			children = (
				6C7978841844CAC800AA3C69 /* libFastPdfKit.a */,
				6CCCD54C183B4D0F00DA742B /* FPKAnnotation.h */,
				6CCCD54D183B4D0F00DA742B /* FPKGlyphBox.h */,
				6CCCD54E183B4D0F00DA742B /* FPKOverlayViewDataSource.h */,
				6CCCD54F183B4D0F00DA742B /* FPKURIAnnotation.h */,
				6CCCD551183B4D0F00DA742B /* MFAudioPlayerViewProtocol.h */,
				6CCCD552183B4D0F00DA742B /* MFAudioProvider.h */,
				6CCCD553183B4D0F00DA742B /* MFDocumentManager.h */,
				6CCCD554183B4D0F00DA742B /* MFDocumentOverlayDataSource.h */,
				6CCCD555183B4D0F00DA742B /* MFDocumentViewController.h */,
				6CCCD556183B4D0F00DA742B /* MFDocumentViewControllerDelegate.h */,
				6CCCD557183B4D0F00DA742B /* MFFPKAnnotation.h */,
				6CCCD558183B4D0F00DA742B /* MFOverlayDrawable.h */,
				6CCCD559183B4D0F00DA742B /* MFOverlayTouchable.h */,
				6CCCD55A183B4D0F00DA742B /* MFPDFOutlineEntry.h */,
				6CCCD55B183B4D0F00DA742B /* MFPDFOutlineRemoteEntry.h */,
				6CCCD55C183B4D0F00DA742B /* mfprofile.h */,
				6CCCD55D183B4D0F00DA742B /* MFTextItem.h */,
				6CCCD55E183B4D0F00DA742B /* standard14fonts */,
				6CCCD56B183B4D0F00DA742B /* Stuff.h */,
			);
			path = FPKCore;
			sourceTree = "<group>";
		};
		6CCCD55E183B4D0F00DA742B /* standard14fonts */ = {
			isa = PBXGroup;
			children = (
				6CCCD55F183B4D0F00DA742B /* Courier-Bold.fpkfm */,
				6CCCD560183B4D0F00DA742B /* Courier-BoldOblique.fpkfm */,
				6CCCD561183B4D0F00DA742B /* Courier-Oblique.fpkfm */,
				6CCCD562183B4D0F00DA742B /* Courier.fpkfm */,
				6CCCD563183B4D0F00DA742B /* Helvetica-Bold.fpkfm */,
				6CCCD564183B4D0F00DA742B /* Helvetica-BoldOblique.fpkfm */,
				6CCCD565183B4D0F00DA742B /* Helvetica-Oblique.fpkfm */,
				6CCCD566183B4D0F00DA742B /* Helvetica.fpkfm */,
				6CCCD567183B4D0F00DA742B /* Times-Bold.fpkfm */,
				6CCCD568183B4D0F00DA742B /* Times-BoldItalic.fpkfm */,
				6CCCD569183B4D0F00DA742B /* Times-Italic.fpkfm */,
				6CCCD56A183B4D0F00DA742B /* Times-Roman.fpkfm */,
			);
			path = standard14fonts;
			sourceTree = "<group>";
		};
		6CD20BA1185852C20068A2EA /* Common */ = {
			isa = PBXGroup;
			children = (
				6CD20BA2185852C20068A2EA /* DD */,
			);
			path = Common;
			sourceTree = "<group>";
		};
		6CD20BA2185852C20068A2EA /* DD */ = {
			isa = PBXGroup;
			children = (
				6CD20BA3185852C20068A2EA /* DDPageControl.h */,
				6CD20BA4185852C20068A2EA /* DDPageControl.m */,
				6CD20BA5185852C20068A2EA /* DDSocialDialog.h */,
				6CD20BA6185852C20068A2EA /* DDSocialDialog.m */,
			);
			path = DD;
			sourceTree = "<group>";
		};
		6CDB07C5181E46D50048BF65 = {
			isa = PBXGroup;
			children = (
				6CDB07D7181E46D50048BF65 /* probmxmag */,
				6CDB07F9181E46D60048BF65 /* probmxmagTests */,
				6CDB07D0181E46D50048BF65 /* Frameworks */,
				6CDB07CF181E46D50048BF65 /* Products */,
			);
			sourceTree = "<group>";
		};
		6CDB07CF181E46D50048BF65 /* Products */ = {
			isa = PBXGroup;
			children = (
				6CDB07CE181E46D50048BF65 /* probmxmag.app */,
				6CDB07F2181E46D60048BF65 /* probmxmagTests.xctest */,
			);
			name = Products;
			sourceTree = "<group>";
		};
		6CDB07D0181E46D50048BF65 /* Frameworks */ = {
			isa = PBXGroup;
			children = (
				6C79787F1844B70A00AA3C69 /* Parse.framework */,
				6C6CAF22183B57BE0034349F /* MapKit.framework */,
				6CEA7B461833582900ECE4C1 /* MessageUI.framework */,
				6CDB0839181E77260048BF65 /* SystemConfiguration.framework */,
				6CDB0837181E77100048BF65 /* MobileCoreServices.framework */,
				6CDB0835181E77000048BF65 /* CFNetwork.framework */,
				6CDB0833181E76ED0048BF65 /* Security.framework */,
				6CDB0831181E76E30048BF65 /* libsqlite3.0.dylib */,
				6CDB082F181E76D90048BF65 /* libz.dylib */,
				6CDB082B181E76C80048BF65 /* CoreLocation.framework */,
				6CDB082C181E76C80048BF65 /* CoreTelephony.framework */,
				6CDB0829181E76A80048BF65 /* AudioToolbox.framework */,
				6CDB0827181E76960048BF65 /* AVFoundation.framework */,
				6CDB0825181E768D0048BF65 /* QuartzCore.framework */,
				6CDB0823181E76830048BF65 /* CoreText.framework */,
				6CDB0821181E76790048BF65 /* MediaPlayer.framework */,
				6CDB081F181E76670048BF65 /* NewsstandKit.framework */,
				6CDB0809181E47200048BF65 /* StoreKit.framework */,
				6CDB07D1181E46D50048BF65 /* Foundation.framework */,
				6CDB07D3181E46D50048BF65 /* CoreGraphics.framework */,
				6CDB07D5181E46D50048BF65 /* UIKit.framework */,
				6CDB07F3181E46D60048BF65 /* XCTest.framework */,
			);
			name = Frameworks;
			sourceTree = "<group>";
		};
		6CDB07D7181E46D50048BF65 /* probmxmag */ = {
			isa = PBXGroup;
			children = (
				6CB95C2B1858418500DBDE93 /* FBMissingSymbols.m */,
				6C3B82A5182BB85D007384B3 /* XMLParser */,
				6C3B82A9182BB8E2007384B3 /* ThirdParty */,
				6C3B82BF182BB92B007384B3 /* FastPdfKit */,
				6C834AE1182D2CA200AB2CF7 /* StoreManager */,
				6CDB0857181EE5480048BF65 /* NewsstandDownloader.h */,
				6CDB0858181EE5480048BF65 /* NewsstandDownloader.m */,
				6CDB0850181EDDEE0048BF65 /* Publisher.h */,
				6CDB0851181EDDEE0048BF65 /* Publisher.m */,
				6CDB07E0181E46D50048BF65 /* AppDelegate.h */,
				6CDB07E1181E46D50048BF65 /* AppDelegate.m */,
				6CDB0814181E4FA80048BF65 /* MainViewController.h */,
				6CDB0815181E4FA80048BF65 /* MainViewController.m */,
				6CDB07E3181E46D50048BF65 /* Main_iPhone.storyboard */,
				6CDB07E6181E46D50048BF65 /* Main_iPad.storyboard */,
				6CDB081C181E74FF0048BF65 /* IssueCell.h */,
				6CDB081D181E74FF0048BF65 /* IssueCell.m */,
				6CDB080E181E4BC20048BF65 /* HeaderImageView.h */,
				6CDB080F181E4BC20048BF65 /* HeaderImageView.m */,
				6CB6B7E31828DD8A00CB9BC2 /* Images.xcassets */,
				6CDB07D8181E46D50048BF65 /* Supporting Files */,
			);
			path = probmxmag;
			sourceTree = "<group>";
		};
		6CDB07D8181E46D50048BF65 /* Supporting Files */ = {
			isa = PBXGroup;
			children = (
				6CDB0817181E51900048BF65 /* images */,
				6CDB07D9181E46D50048BF65 /* probmxmag-Info.plist */,
				6CDB07DA181E46D50048BF65 /* InfoPlist.strings */,
				6CDB07DD181E46D50048BF65 /* main.m */,
				6CDB07DF181E46D50048BF65 /* probmxmag-Prefix.pch */,
			);
			name = "Supporting Files";
			sourceTree = "<group>";
		};
		6CDB07F9181E46D60048BF65 /* probmxmagTests */ = {
			isa = PBXGroup;
			children = (
				6CDB07FF181E46D60048BF65 /* probmxmagTests.m */,
				6CDB07FA181E46D60048BF65 /* Supporting Files */,
			);
			path = probmxmagTests;
			sourceTree = "<group>";
		};
		6CDB07FA181E46D60048BF65 /* Supporting Files */ = {
			isa = PBXGroup;
			children = (
				6CDB07FB181E46D60048BF65 /* probmxmagTests-Info.plist */,
				6CDB07FC181E46D60048BF65 /* InfoPlist.strings */,
			);
			name = "Supporting Files";
			sourceTree = "<group>";
		};
		6CDB0817181E51900048BF65 /* images */ = {
			isa = PBXGroup;
			children = (
				6C551E01183362D700CD8187 /* trash-2.png */,
				6C551E02183362D700CD8187 /* trash-2@2x.png */,
				6C551DFD18335E9200CD8187 /* trash@2x.png */,
				6C551DFE18335E9200CD8187 /* trash.png */,
				6CB6B7E51828E04800CB9BC2 /* icon@2x.png */,
				6CB6B7E61828E04800CB9BC2 /* icon.png */,
				6CDB083B181E7A5C0048BF65 /* settings.png */,
				6CDB083C181E7A5C0048BF65 /* settings@2x.png */,
				6CDB0818181E519D0048BF65 /* background.png */,
				6CDB0819181E519D0048BF65 /* background@2x.png */,
			);
			name = images;
			sourceTree = "<group>";
		};
/* End PBXGroup section */

/* Begin PBXNativeTarget section */
		6CDB07CD181E46D50048BF65 /* probmxmag */ = {
			isa = PBXNativeTarget;
			buildConfigurationList = 6CDB0803181E46D60048BF65 /* Build configuration list for PBXNativeTarget "probmxmag" */;
			buildPhases = (
				6CDB07CA181E46D50048BF65 /* Sources */,
				6CDB07CB181E46D50048BF65 /* Frameworks */,
				6CDB07CC181E46D50048BF65 /* Resources */,
			);
			buildRules = (
			);
			dependencies = (
			);
			name = probmxmag;
			productName = probmxmag;
			productReference = 6CDB07CE181E46D50048BF65 /* probmxmag.app */;
			productType = "com.apple.product-type.application";
		};
		6CDB07F1181E46D60048BF65 /* probmxmagTests */ = {
			isa = PBXNativeTarget;
			buildConfigurationList = 6CDB0806181E46D60048BF65 /* Build configuration list for PBXNativeTarget "probmxmagTests" */;
			buildPhases = (
				6CDB07EE181E46D60048BF65 /* Sources */,
				6CDB07EF181E46D60048BF65 /* Frameworks */,
				6CDB07F0181E46D60048BF65 /* Resources */,
			);
			buildRules = (
			);
			dependencies = (
				6CDB07F8181E46D60048BF65 /* PBXTargetDependency */,
			);
			name = probmxmagTests;
			productName = probmxmagTests;
			productReference = 6CDB07F2181E46D60048BF65 /* probmxmagTests.xctest */;
			productType = "com.apple.product-type.bundle.unit-test";
		};
/* End PBXNativeTarget section */

/* Begin PBXProject section */
		6CDB07C6181E46D50048BF65 /* Project object */ = {
			isa = PBXProject;
			attributes = {
				LastUpgradeCheck = 0500;
				ORGANIZATIONNAME = "Aleksey Ivanov";
				TargetAttributes = {
					6CDB07CD181E46D50048BF65 = {
						DevelopmentTeam = 657GC2CXLB;
						SystemCapabilities = {
							com.apple.BackgroundModes = {
								enabled = 1;
							};
							com.apple.InAppPurchase = {
								enabled = 1;
							};
						};
					};
					6CDB07F1181E46D60048BF65 = {
						TestTargetID = 6CDB07CD181E46D50048BF65;
					};
				};
			};
			buildConfigurationList = 6CDB07C9181E46D50048BF65 /* Build configuration list for PBXProject "probmxmag" */;
			compatibilityVersion = "Xcode 3.2";
			developmentRegion = English;
			hasScannedForEncodings = 0;
			knownRegions = (
				en,
				Base,
				ru,
			);
			mainGroup = 6CDB07C5181E46D50048BF65;
			productRefGroup = 6CDB07CF181E46D50048BF65 /* Products */;
			projectDirPath = "";
			projectRoot = "";
			targets = (
				6CDB07CD181E46D50048BF65 /* probmxmag */,
				6CDB07F1181E46D60048BF65 /* probmxmagTests */,
			);
		};
/* End PBXProject section */

/* Begin PBXResourcesBuildPhase section */
		6CDB07CC181E46D50048BF65 /* Resources */ = {
			isa = PBXResourcesBuildPhase;
			buildActionMask = 2147483647;
			files = (
				6C3B8315182BB92C007384B3 /* BookmarkView.xib in Resources */,
				6CDB07E8181E46D50048BF65 /* Main_iPad.storyboard in Resources */,
				6CB6B7E41828DD8A00CB9BC2 /* Images.xcassets in Resources */,
				6C3B832A182BB92C007384B3 /* OutlineView.xib in Resources */,
				6C8A9C1E182CCE15002800C5 /* FPKReaderBundle.bundle in Resources */,
				6C3B8335182BB92C007384B3 /* SearchView2_phone.xib in Resources */,
				6C551E0018335E9200CD8187 /* trash.png in Resources */,
				6C3B8326182BB92C007384B3 /* AudioViewController.xib in Resources */,
				6CDB083D181E7A5C0048BF65 /* settings.png in Resources */,
				6CCCD577183B4D0F00DA742B /* Times-Italic.fpkfm in Resources */,
				6CCCD572183B4D0F00DA742B /* Helvetica-BoldOblique.fpkfm in Resources */,
				6C551E04183362D700CD8187 /* trash-2@2x.png in Resources */,
				6CDB081A181E519D0048BF65 /* background.png in Resources */,
				6CCCD573183B4D0F00DA742B /* Helvetica-Oblique.fpkfm in Resources */,
				6CDB07E5181E46D50048BF65 /* Main_iPhone.storyboard in Resources */,
				6CCCD574183B4D0F00DA742B /* Helvetica.fpkfm in Resources */,
				6CCCD56E183B4D0F00DA742B /* Courier-BoldOblique.fpkfm in Resources */,
				6CDB083E181E7A5C0048BF65 /* settings@2x.png in Resources */,
				6CB6B7E81828E04800CB9BC2 /* icon.png in Resources */,
				6CCCD56F183B4D0F00DA742B /* Courier-Oblique.fpkfm in Resources */,
				6CCCD570183B4D0F00DA742B /* Courier.fpkfm in Resources */,
				6CDB081B181E519D0048BF65 /* background@2x.png in Resources */,
				6C551E03183362D700CD8187 /* trash-2.png in Resources */,
				6C3BDE4C183B7C6D00B707F3 /* fpkmessage-info.png in Resources */,
				6CDB07DC181E46D50048BF65 /* InfoPlist.strings in Resources */,
				6C551DFF18335E9200CD8187 /* trash@2x.png in Resources */,
				6CB6B7E71828E04800CB9BC2 /* icon@2x.png in Resources */,
				6CCCD578183B4D0F00DA742B /* Times-Roman.fpkfm in Resources */,
				6CCCD575183B4D0F00DA742B /* Times-Bold.fpkfm in Resources */,
				6CCCD571183B4D0F00DA742B /* Helvetica-Bold.fpkfm in Resources */,
				6C3B8334182BB92C007384B3 /* SearchView2_pad.xib in Resources */,
				6CCCD56D183B4D0F00DA742B /* Courier-Bold.fpkfm in Resources */,
				6C3B8337182BB92C007384B3 /* TextDisplayView.xib in Resources */,
				6C3B8329182BB92C007384B3 /* WebBrowser.xib in Resources */,
				6CCCD576183B4D0F00DA742B /* Times-BoldItalic.fpkfm in Resources */,
			);
			runOnlyForDeploymentPostprocessing = 0;
		};
		6CDB07F0181E46D60048BF65 /* Resources */ = {
			isa = PBXResourcesBuildPhase;
			buildActionMask = 2147483647;
			files = (
				6CDB07FE181E46D60048BF65 /* InfoPlist.strings in Resources */,
			);
			runOnlyForDeploymentPostprocessing = 0;
		};
/* End PBXResourcesBuildPhase section */

/* Begin PBXSourcesBuildPhase section */
		6CDB07CA181E46D50048BF65 /* Sources */ = {
			isa = PBXSourcesBuildPhase;
			buildActionMask = 2147483647;
			files = (
				6C3B82A8182BB85D007384B3 /* XMLParser.m in Sources */,
				6C3B8331182BB92C007384B3 /* SearchManager.m in Sources */,
				6C3B832F182BB92C007384B3 /* MiniSearchView.m in Sources */,
				6C3B8338182BB92C007384B3 /* TextDisplayViewController.m in Sources */,
				6C5F83C2183E2A10008C38A0 /* FFCircularProgressView.m in Sources */,
				6C3B8336182BB92C007384B3 /* SearchViewController.m in Sources */,
				6CDB07E2181E46D50048BF65 /* AppDelegate.m in Sources */,
				6CDB07DE181E46D50048BF65 /* main.m in Sources */,
				6CD20BA7185852C20068A2EA /* DDPageControl.m in Sources */,
				6CB95C2C1858418500DBDE93 /* FBMissingSymbols.m in Sources */,
				6CDB081E181E74FF0048BF65 /* IssueCell.m in Sources */,
				6C3B82BA182BB8E3007384B3 /* ioapi.c in Sources */,
				6C834AE4182D2CA200AB2CF7 /* StoreManager.m in Sources */,
				6C3B82BB182BB8E3007384B3 /* mztools.c in Sources */,
				6CBC8C1C184A2A0600234EA2 /* BorderImageView.m in Sources */,
				6C3B8339182BB92C007384B3 /* TextSearchOperation.m in Sources */,
				6CB1C1921843C1DE00AB4883 /* FPKYouTube.m in Sources */,
				6C3B8330182BB92C007384B3 /* NotificationFactory.m in Sources */,
				6CEDAB13183B820400EB1051 /* OverlayManager.m in Sources */,
				6C3B8325182BB92C007384B3 /* AudioViewController.m in Sources */,
				6C834AE0182D289200AB2CF7 /* ExtendNSLog.m in Sources */,
				6C5F83C3183E2A10008C38A0 /* UIColor+iOS7.m in Sources */,
				6CD20BA8185852C20068A2EA /* DDSocialDialog.m in Sources */,
				6C3B8333182BB92C007384B3 /* SearchResultView.m in Sources */,
				6C3B82BC182BB8E3007384B3 /* unzip.c in Sources */,
				6CBC8C1E184A2A0600234EA2 /* TransitionImageView.m in Sources */,
				6C3B8332182BB92C007384B3 /* SearchResultCellView.m in Sources */,
				6CDB0859181EE5480048BF65 /* NewsstandDownloader.m in Sources */,
				6CDB0852181EDDEE0048BF65 /* Publisher.m in Sources */,
				6CDB0810181E4BC20048BF65 /* HeaderImageView.m in Sources */,
				6C3B82BD182BB8E3007384B3 /* zip.c in Sources */,
				6C3B832E182BB92C007384B3 /* ReaderViewController.m in Sources */,
				6CBC8C1D184A2A0600234EA2 /* FPKGalleryTap.m in Sources */,
				6C3B8327182BB92C007384B3 /* MFAudioPlayerViewImpl.m in Sources */,
				6C3B8316182BB92C007384B3 /* BookmarkViewController.m in Sources */,
				6C3B82B9182BB8E3007384B3 /* Reachability.m in Sources */,
				6C3B82BE182BB8E3007384B3 /* SSZipArchive.m in Sources */,
				6C3B832B182BB92C007384B3 /* OutlineViewController.m in Sources */,
				6CDB0816181E4FA80048BF65 /* MainViewController.m in Sources */,
				6C3B8328182BB92C007384B3 /* WebBrowser.m in Sources */,
			);
			runOnlyForDeploymentPostprocessing = 0;
		};
		6CDB07EE181E46D60048BF65 /* Sources */ = {
			isa = PBXSourcesBuildPhase;
			buildActionMask = 2147483647;
			files = (
				6CDB0800181E46D60048BF65 /* probmxmagTests.m in Sources */,
			);
			runOnlyForDeploymentPostprocessing = 0;
		};
/* End PBXSourcesBuildPhase section */

/* Begin PBXTargetDependency section */
		6CDB07F8181E46D60048BF65 /* PBXTargetDependency */ = {
			isa = PBXTargetDependency;
			target = 6CDB07CD181E46D50048BF65 /* probmxmag */;
			targetProxy = 6CDB07F7181E46D60048BF65 /* PBXContainerItemProxy */;
		};
/* End PBXTargetDependency section */

/* Begin PBXVariantGroup section */
		6CDB07DA181E46D50048BF65 /* InfoPlist.strings */ = {
			isa = PBXVariantGroup;
			children = (
				6CDB07DB181E46D50048BF65 /* en */,
				6C1B4F2F182D0390006C7C96 /* ru */,
			);
			name = InfoPlist.strings;
			sourceTree = "<group>";
		};
		6CDB07E3181E46D50048BF65 /* Main_iPhone.storyboard */ = {
			isa = PBXVariantGroup;
			children = (
				6CDB07E4181E46D50048BF65 /* Base */,
				6C1B4F2D182D038F006C7C96 /* ru */,
			);
			name = Main_iPhone.storyboard;
			sourceTree = "<group>";
		};
		6CDB07E6181E46D50048BF65 /* Main_iPad.storyboard */ = {
			isa = PBXVariantGroup;
			children = (
				6CDB07E7181E46D50048BF65 /* Base */,
				6C1B4F2E182D0390006C7C96 /* ru */,
			);
			name = Main_iPad.storyboard;
			sourceTree = "<group>";
		};
		6CDB07FC181E46D60048BF65 /* InfoPlist.strings */ = {
			isa = PBXVariantGroup;
			children = (
				6CDB07FD181E46D60048BF65 /* en */,
				6C1B4F30182D0390006C7C96 /* ru */,
			);
			name = InfoPlist.strings;
			sourceTree = "<group>";
		};
/* End PBXVariantGroup section */

/* Begin XCBuildConfiguration section */
		6CDB0801181E46D60048BF65 /* Debug */ = {
			isa = XCBuildConfiguration;
			buildSettings = {
				ALWAYS_SEARCH_USER_PATHS = NO;
				ARCHS = "$(ARCHS_STANDARD_INCLUDING_64_BIT)";
				CLANG_CXX_LANGUAGE_STANDARD = "gnu++0x";
				CLANG_CXX_LIBRARY = "libc++";
				CLANG_ENABLE_MODULES = YES;
				CLANG_ENABLE_OBJC_ARC = YES;
				CLANG_WARN_BOOL_CONVERSION = YES;
				CLANG_WARN_CONSTANT_CONVERSION = YES;
				CLANG_WARN_DIRECT_OBJC_ISA_USAGE = YES_ERROR;
				CLANG_WARN_EMPTY_BODY = YES;
				CLANG_WARN_ENUM_CONVERSION = YES;
				CLANG_WARN_INT_CONVERSION = YES;
				CLANG_WARN_OBJC_ROOT_CLASS = YES_ERROR;
				CLANG_WARN__DUPLICATE_METHOD_MATCH = YES;
				"CODE_SIGN_IDENTITY[sdk=iphoneos*]" = "iPhone Developer";
				COPY_PHASE_STRIP = NO;
				GCC_C_LANGUAGE_STANDARD = gnu99;
				GCC_DYNAMIC_NO_PIC = NO;
				GCC_OPTIMIZATION_LEVEL = 0;
				GCC_PREPROCESSOR_DEFINITIONS = (
					"DEBUG=1",
					"$(inherited)",
				);
				GCC_SYMBOLS_PRIVATE_EXTERN = NO;
				GCC_WARN_64_TO_32_BIT_CONVERSION = YES;
				GCC_WARN_ABOUT_RETURN_TYPE = YES_ERROR;
				GCC_WARN_UNDECLARED_SELECTOR = YES;
				GCC_WARN_UNINITIALIZED_AUTOS = YES;
				GCC_WARN_UNUSED_FUNCTION = YES;
				GCC_WARN_UNUSED_VARIABLE = YES;
				IPHONEOS_DEPLOYMENT_TARGET = 7.0;
				ONLY_ACTIVE_ARCH = YES;
				SDKROOT = iphoneos;
				TARGETED_DEVICE_FAMILY = "1,2";
			};
			name = Debug;
		};
		6CDB0802181E46D60048BF65 /* Release */ = {
			isa = XCBuildConfiguration;
			buildSettings = {
				ALWAYS_SEARCH_USER_PATHS = NO;
				ARCHS = "$(ARCHS_STANDARD_INCLUDING_64_BIT)";
				CLANG_CXX_LANGUAGE_STANDARD = "gnu++0x";
				CLANG_CXX_LIBRARY = "libc++";
				CLANG_ENABLE_MODULES = YES;
				CLANG_ENABLE_OBJC_ARC = YES;
				CLANG_WARN_BOOL_CONVERSION = YES;
				CLANG_WARN_CONSTANT_CONVERSION = YES;
				CLANG_WARN_DIRECT_OBJC_ISA_USAGE = YES_ERROR;
				CLANG_WARN_EMPTY_BODY = YES;
				CLANG_WARN_ENUM_CONVERSION = YES;
				CLANG_WARN_INT_CONVERSION = YES;
				CLANG_WARN_OBJC_ROOT_CLASS = YES_ERROR;
				CLANG_WARN__DUPLICATE_METHOD_MATCH = YES;
				"CODE_SIGN_IDENTITY[sdk=iphoneos*]" = "iPhone Developer";
				COPY_PHASE_STRIP = YES;
				ENABLE_NS_ASSERTIONS = NO;
				GCC_C_LANGUAGE_STANDARD = gnu99;
				GCC_WARN_64_TO_32_BIT_CONVERSION = YES;
				GCC_WARN_ABOUT_RETURN_TYPE = YES_ERROR;
				GCC_WARN_UNDECLARED_SELECTOR = YES;
				GCC_WARN_UNINITIALIZED_AUTOS = YES;
				GCC_WARN_UNUSED_FUNCTION = YES;
				GCC_WARN_UNUSED_VARIABLE = YES;
				IPHONEOS_DEPLOYMENT_TARGET = 7.0;
				SDKROOT = iphoneos;
				TARGETED_DEVICE_FAMILY = "1,2";
				VALIDATE_PRODUCT = YES;
			};
			name = Release;
		};
		6CDB0804181E46D60048BF65 /* Debug */ = {
			isa = XCBuildConfiguration;
			buildSettings = {
				ARCHS = "$(ARCHS_STANDARD)";
				ASSETCATALOG_COMPILER_APPICON_NAME = AppIcon;
				ASSETCATALOG_COMPILER_LAUNCHIMAGE_NAME = LaunchImage;
				CLANG_ENABLE_OBJC_ARC = YES;
				CODE_SIGN_IDENTITY = "iPhone Developer";
				"CODE_SIGN_IDENTITY[sdk=iphoneos*]" = "iPhone Developer";
				DEBUG_INFORMATION_FORMAT = dwarf;
				FRAMEWORK_SEARCH_PATHS = (
					"$(inherited)",
					"$(SRCROOT)/probmxmag/FastPdfKit/Extensions/FPKShared.embeddedframework",
					"$(SRCROOT)/probmxmag/FastPdfKit/Extensions/FPKConfig.embeddedframework",
					"$(SRCROOT)/probmxmag/FastPdfKit/Extensions/FPKGalleryFade.embeddedframework",
					"$(SRCROOT)/probmxmag/FastPdfKit/Extensions/FPKGallerySlide.embeddedframework",
					"$(SRCROOT)/probmxmag/FastPdfKit/Extensions/FPKImage.embeddedframework",
					"$(SRCROOT)/probmxmag/FastPdfKit/Extensions/FPKMap.embeddedframework",
					"$(SRCROOT)/probmxmag/FastPdfKit/Extensions/FPKMessage.embeddedframework",
					"$(SRCROOT)/",
				);
				GCC_PRECOMPILE_PREFIX_HEADER = YES;
				GCC_PREFIX_HEADER = "probmxmag/probmxmag-Prefix.pch";
				HEADER_SEARCH_PATHS = (
					"$(inherited)",
					/Applications/Xcode.app/Contents/Developer/Toolchains/XcodeDefault.xctoolchain/usr/include,
				);
				INFOPLIST_FILE = "probmxmag/probmxmag-Info.plist";
				IPHONEOS_DEPLOYMENT_TARGET = 6.0;
				LIBRARY_SEARCH_PATHS = (
					"$(inherited)",
					"$(SRCROOT)/probmxmag/FastPdfKit/FPKCore",
				);
				LINK_WITH_STANDARD_LIBRARIES = YES;
				ONLY_ACTIVE_ARCH = NO;
				OTHER_LDFLAGS = (
					"$(inherited)",
					"-lz",
					"-ObjC",
				);
				PRODUCT_NAME = "$(TARGET_NAME)";
				PROVISIONING_PROFILE = "";
				WRAPPER_EXTENSION = app;
			};
			name = Debug;
		};
		6CDB0805181E46D60048BF65 /* Release */ = {
			isa = XCBuildConfiguration;
			buildSettings = {
				ARCHS = "$(ARCHS_STANDARD)";
				ASSETCATALOG_COMPILER_APPICON_NAME = AppIcon;
				ASSETCATALOG_COMPILER_LAUNCHIMAGE_NAME = LaunchImage;
				CLANG_ENABLE_OBJC_ARC = YES;
				CODE_SIGN_IDENTITY = "iPhone Developer";
				"CODE_SIGN_IDENTITY[sdk=iphoneos*]" = "iPhone Developer";
				DEBUG_INFORMATION_FORMAT = dwarf;
				FRAMEWORK_SEARCH_PATHS = (
					"$(inherited)",
					"$(SRCROOT)/probmxmag/FastPdfKit/Extensions/FPKShared.embeddedframework",
					"$(SRCROOT)/probmxmag/FastPdfKit/Extensions/FPKConfig.embeddedframework",
					"$(SRCROOT)/probmxmag/FastPdfKit/Extensions/FPKGalleryFade.embeddedframework",
					"$(SRCROOT)/probmxmag/FastPdfKit/Extensions/FPKGallerySlide.embeddedframework",
					"$(SRCROOT)/probmxmag/FastPdfKit/Extensions/FPKImage.embeddedframework",
					"$(SRCROOT)/probmxmag/FastPdfKit/Extensions/FPKMap.embeddedframework",
					"$(SRCROOT)/probmxmag/FastPdfKit/Extensions/FPKMessage.embeddedframework",
					"$(SRCROOT)/",
				);
				GCC_PRECOMPILE_PREFIX_HEADER = YES;
				GCC_PREFIX_HEADER = "probmxmag/probmxmag-Prefix.pch";
				HEADER_SEARCH_PATHS = (
					"$(inherited)",
					/Applications/Xcode.app/Contents/Developer/Toolchains/XcodeDefault.xctoolchain/usr/include,
				);
				INFOPLIST_FILE = "probmxmag/probmxmag-Info.plist";
				IPHONEOS_DEPLOYMENT_TARGET = 6.0;
				LIBRARY_SEARCH_PATHS = (
					"$(inherited)",
					"$(SRCROOT)/probmxmag/FastPdfKit/FPKCore",
				);
				LINK_WITH_STANDARD_LIBRARIES = YES;
				OTHER_LDFLAGS = (
					"$(inherited)",
					"-lz",
					"-ObjC",
				);
				PRODUCT_NAME = "$(TARGET_NAME)";
				PROVISIONING_PROFILE = "";
				WRAPPER_EXTENSION = app;
			};
			name = Release;
		};
		6CDB0807181E46D60048BF65 /* Debug */ = {
			isa = XCBuildConfiguration;
			buildSettings = {
				ARCHS = "$(ARCHS_STANDARD_INCLUDING_64_BIT)";
				BUNDLE_LOADER = "$(BUILT_PRODUCTS_DIR)/probmxmag.app/probmxmag";
				FRAMEWORK_SEARCH_PATHS = (
					"$(SDKROOT)/Developer/Library/Frameworks",
					"$(inherited)",
					"$(DEVELOPER_FRAMEWORKS_DIR)",
				);
				GCC_PRECOMPILE_PREFIX_HEADER = YES;
				GCC_PREFIX_HEADER = "probmxmag/probmxmag-Prefix.pch";
				GCC_PREPROCESSOR_DEFINITIONS = (
					"DEBUG=1",
					"$(inherited)",
				);
				INFOPLIST_FILE = "probmxmagTests/probmxmagTests-Info.plist";
				PRODUCT_NAME = "$(TARGET_NAME)";
				TEST_HOST = "$(BUNDLE_LOADER)";
				WRAPPER_EXTENSION = xctest;
			};
			name = Debug;
		};
		6CDB0808181E46D60048BF65 /* Release */ = {
			isa = XCBuildConfiguration;
			buildSettings = {
				ARCHS = "$(ARCHS_STANDARD_INCLUDING_64_BIT)";
				BUNDLE_LOADER = "$(BUILT_PRODUCTS_DIR)/probmxmag.app/probmxmag";
				FRAMEWORK_SEARCH_PATHS = (
					"$(SDKROOT)/Developer/Library/Frameworks",
					"$(inherited)",
					"$(DEVELOPER_FRAMEWORKS_DIR)",
				);
				GCC_PRECOMPILE_PREFIX_HEADER = YES;
				GCC_PREFIX_HEADER = "probmxmag/probmxmag-Prefix.pch";
				INFOPLIST_FILE = "probmxmagTests/probmxmagTests-Info.plist";
				PRODUCT_NAME = "$(TARGET_NAME)";
				TEST_HOST = "$(BUNDLE_LOADER)";
				WRAPPER_EXTENSION = xctest;
			};
			name = Release;
		};
/* End XCBuildConfiguration section */

/* Begin XCConfigurationList section */
		6CDB07C9181E46D50048BF65 /* Build configuration list for PBXProject "probmxmag" */ = {
			isa = XCConfigurationList;
			buildConfigurations = (
				6CDB0801181E46D60048BF65 /* Debug */,
				6CDB0802181E46D60048BF65 /* Release */,
			);
			defaultConfigurationIsVisible = 0;
			defaultConfigurationName = Debug;
		};
		6CDB0803181E46D60048BF65 /* Build configuration list for PBXNativeTarget "probmxmag" */ = {
			isa = XCConfigurationList;
			buildConfigurations = (
				6CDB0804181E46D60048BF65 /* Debug */,
				6CDB0805181E46D60048BF65 /* Release */,
			);
			defaultConfigurationIsVisible = 0;
			defaultConfigurationName = Debug;
		};
		6CDB0806181E46D60048BF65 /* Build configuration list for PBXNativeTarget "probmxmagTests" */ = {
			isa = XCConfigurationList;
			buildConfigurations = (
				6CDB0807181E46D60048BF65 /* Debug */,
				6CDB0808181E46D60048BF65 /* Release */,
			);
			defaultConfigurationIsVisible = 0;
			defaultConfigurationName = Debug;
		};
/* End XCConfigurationList section */
	};
	rootObject = 6CDB07C6181E46D50048BF65 /* Project object */;
}
